// !$*UTF8*$!
{
	archiveVersion = 1;
	classes = {
	};
	objectVersion = 50;
	objects = {

/* Begin PBXBuildFile section */
		AFD1FEC621A6CE7400D2894F /* AppDelegate.swift in Sources */ = {isa = PBXBuildFile; fileRef = AFD1FEC521A6CE7400D2894F /* AppDelegate.swift */; };
		AFD1FEC821A6CE7400D2894F /* ViewController.swift in Sources */ = {isa = PBXBuildFile; fileRef = AFD1FEC721A6CE7400D2894F /* ViewController.swift */; };
		AFD1FECB21A6CE7400D2894F /* Main.storyboard in Resources */ = {isa = PBXBuildFile; fileRef = AFD1FEC921A6CE7400D2894F /* Main.storyboard */; };
		AFD1FECD21A6CE7700D2894F /* Assets.xcassets in Resources */ = {isa = PBXBuildFile; fileRef = AFD1FECC21A6CE7700D2894F /* Assets.xcassets */; };
		AFD1FED021A6CE7700D2894F /* LaunchScreen.storyboard in Resources */ = {isa = PBXBuildFile; fileRef = AFD1FECE21A6CE7700D2894F /* LaunchScreen.storyboard */; };
		AFD1FEDB21A6CE7700D2894F /* InTuneTests.swift in Sources */ = {isa = PBXBuildFile; fileRef = AFD1FEDA21A6CE7700D2894F /* InTuneTests.swift */; };
		AFD1FEE621A6CE7700D2894F /* InTuneUITests.swift in Sources */ = {isa = PBXBuildFile; fileRef = AFD1FEE521A6CE7700D2894F /* InTuneUITests.swift */; };
		AFD1FEF621A6E2E900D2894F /* Constants.swift in Sources */ = {isa = PBXBuildFile; fileRef = AFD1FEF521A6E2E900D2894F /* Constants.swift */; };
		AFD1FEF821A6F38300D2894F /* AppController.swift in Sources */ = {isa = PBXBuildFile; fileRef = AFD1FEF721A6F38300D2894F /* AppController.swift */; };
		AFD1FEFA21A6F39600D2894F /* AppData.swift in Sources */ = {isa = PBXBuildFile; fileRef = AFD1FEF921A6F39600D2894F /* AppData.swift */; };
		AFD1FEFC21A6F3A800D2894F /* DataProvider.swift in Sources */ = {isa = PBXBuildFile; fileRef = AFD1FEFB21A6F3A800D2894F /* DataProvider.swift */; };
		AFD1FEFE21A803F300D2894F /* Default-568h@2x.png in Resources */ = {isa = PBXBuildFile; fileRef = AFD1FEFD21A803F300D2894F /* Default-568h@2x.png */; };
		AFD1FF0021A8047600D2894F /* Coordinator.swift in Sources */ = {isa = PBXBuildFile; fileRef = AFD1FEFF21A8047600D2894F /* Coordinator.swift */; };
		AFD1FF3E21A8253600D2894F /* ServerResponse.swift in Sources */ = {isa = PBXBuildFile; fileRef = AFD1FF3D21A8253600D2894F /* ServerResponse.swift */; };
		AFD1FF4421A8266500D2894F /* MockData.swift in Sources */ = {isa = PBXBuildFile; fileRef = AFD1FF4321A8266500D2894F /* MockData.swift */; };
		AFD1FF5821A8490600D2894F /* SearchiTunesServiceTests.swift in Sources */ = {isa = PBXBuildFile; fileRef = AFD1FF5721A8490600D2894F /* SearchiTunesServiceTests.swift */; };
		AFD1FF5A21A84C8400D2894F /* MockNetworkService.swift in Sources */ = {isa = PBXBuildFile; fileRef = AFD1FF5921A84C8300D2894F /* MockNetworkService.swift */; };
		AFD1FF5C21A84C8F00D2894F /* simpleServerResponse.json in Resources */ = {isa = PBXBuildFile; fileRef = AFD1FF4721A827DC00D2894F /* simpleServerResponse.json */; };
		AFD1FF5D21A84C9200D2894F /* serverResponse.json in Resources */ = {isa = PBXBuildFile; fileRef = AFD1FF4521A826EF00D2894F /* serverResponse.json */; };
		AFD1FF5F21A85CE200D2894F /* SearchWireframe.swift in Sources */ = {isa = PBXBuildFile; fileRef = AFD1FF5E21A85CE200D2894F /* SearchWireframe.swift */; };
		AFD1FF6121A85D8700D2894F /* CoordinatorTests.swift in Sources */ = {isa = PBXBuildFile; fileRef = AFD1FF6021A85D8700D2894F /* CoordinatorTests.swift */; };
		AFD1FF7E21A8671300D2894F /* Networking.framework in Frameworks */ = {isa = PBXBuildFile; fileRef = AFD1FF7521A8671300D2894F /* Networking.framework */; };
		AFD1FF8721A8671300D2894F /* Networking.h in Headers */ = {isa = PBXBuildFile; fileRef = AFD1FF7721A8671300D2894F /* Networking.h */; settings = {ATTRIBUTES = (Public, ); }; };
		AFD1FF8A21A8671300D2894F /* Networking.framework in Frameworks */ = {isa = PBXBuildFile; fileRef = AFD1FF7521A8671300D2894F /* Networking.framework */; };
		AFD1FF8B21A8671300D2894F /* Networking.framework in Embed Frameworks */ = {isa = PBXBuildFile; fileRef = AFD1FF7521A8671300D2894F /* Networking.framework */; settings = {ATTRIBUTES = (CodeSignOnCopy, RemoveHeadersOnCopy, ); }; };
		AFD1FF9A21A8674800D2894F /* FormUrlParameterEncoder.swift in Sources */ = {isa = PBXBuildFile; fileRef = AFD1FF9321A8674600D2894F /* FormUrlParameterEncoder.swift */; };
		AFD1FF9B21A8674800D2894F /* ParameterEncoder.swift in Sources */ = {isa = PBXBuildFile; fileRef = AFD1FF9421A8674600D2894F /* ParameterEncoder.swift */; };
		AFD1FF9C21A8674800D2894F /* URLParameterEncoder.swift in Sources */ = {isa = PBXBuildFile; fileRef = AFD1FF9521A8674600D2894F /* URLParameterEncoder.swift */; };
		AFD1FF9D21A8674800D2894F /* JSONParameterEncoder.swift in Sources */ = {isa = PBXBuildFile; fileRef = AFD1FF9621A8674600D2894F /* JSONParameterEncoder.swift */; };
		AFD1FF9E21A8674800D2894F /* Router.swift in Sources */ = {isa = PBXBuildFile; fileRef = AFD1FF9721A8674700D2894F /* Router.swift */; };
		AFD1FF9F21A8674800D2894F /* EndPoint.swift in Sources */ = {isa = PBXBuildFile; fileRef = AFD1FF9821A8674700D2894F /* EndPoint.swift */; };
		AFD1FFA021A8674800D2894F /* Networking.swift in Sources */ = {isa = PBXBuildFile; fileRef = AFD1FF9921A8674700D2894F /* Networking.swift */; };
		AFD1FFA621A868B200D2894F /* SearchiTunesService.swift in Sources */ = {isa = PBXBuildFile; fileRef = AFD1FFA221A868B100D2894F /* SearchiTunesService.swift */; };
		AFD1FFA721A868B200D2894F /* iTunesAPI.swift in Sources */ = {isa = PBXBuildFile; fileRef = AFD1FFA321A868B100D2894F /* iTunesAPI.swift */; };
		AFD1FFA821A868B200D2894F /* NetworkService.swift in Sources */ = {isa = PBXBuildFile; fileRef = AFD1FFA421A868B100D2894F /* NetworkService.swift */; };
		AFD1FFA921A868B200D2894F /* ServiceProvider.swift in Sources */ = {isa = PBXBuildFile; fileRef = AFD1FFA521A868B100D2894F /* ServiceProvider.swift */; };
		AFD1FFAA21A86E2700D2894F /* noResultsServerResponse.json in Resources */ = {isa = PBXBuildFile; fileRef = AFD1FF4A21A8284700D2894F /* noResultsServerResponse.json */; };
		AFD1FFAB21A86E2A00D2894F /* simpleServerResponse.json in Resources */ = {isa = PBXBuildFile; fileRef = AFD1FF4721A827DC00D2894F /* simpleServerResponse.json */; };
		AFD1FFAC21A86E2F00D2894F /* serverResponse.json in Resources */ = {isa = PBXBuildFile; fileRef = AFD1FF4521A826EF00D2894F /* serverResponse.json */; };
		AFD1FFAD21A86E3200D2894F /* noResultsServerResponse.json in Resources */ = {isa = PBXBuildFile; fileRef = AFD1FF4A21A8284700D2894F /* noResultsServerResponse.json */; };
		AFD1FFAF21A8704800D2894F /* DataProviderTests.swift in Sources */ = {isa = PBXBuildFile; fileRef = AFD1FFAE21A8704800D2894F /* DataProviderTests.swift */; };
		AFD1FFB121A874E600D2894F /* URLParameterEncodingTests.swift in Sources */ = {isa = PBXBuildFile; fileRef = AFD1FFB021A874E600D2894F /* URLParameterEncodingTests.swift */; };
		AFD1FFB321A874FB00D2894F /* FormUrlEncoderTests.swift in Sources */ = {isa = PBXBuildFile; fileRef = AFD1FFB221A874FB00D2894F /* FormUrlEncoderTests.swift */; };
/* End PBXBuildFile section */

/* Begin PBXContainerItemProxy section */
		AFD1FED721A6CE7700D2894F /* PBXContainerItemProxy */ = {
			isa = PBXContainerItemProxy;
			containerPortal = AFD1FEBA21A6CE7400D2894F /* Project object */;
			proxyType = 1;
			remoteGlobalIDString = AFD1FEC121A6CE7400D2894F;
			remoteInfo = InTune;
		};
		AFD1FEE221A6CE7700D2894F /* PBXContainerItemProxy */ = {
			isa = PBXContainerItemProxy;
			containerPortal = AFD1FEBA21A6CE7400D2894F /* Project object */;
			proxyType = 1;
			remoteGlobalIDString = AFD1FEC121A6CE7400D2894F;
			remoteInfo = InTune;
		};
		AFD1FF7F21A8671300D2894F /* PBXContainerItemProxy */ = {
			isa = PBXContainerItemProxy;
			containerPortal = AFD1FEBA21A6CE7400D2894F /* Project object */;
			proxyType = 1;
			remoteGlobalIDString = AFD1FF7421A8671300D2894F;
			remoteInfo = Networking;
		};
		AFD1FF8121A8671300D2894F /* PBXContainerItemProxy */ = {
			isa = PBXContainerItemProxy;
			containerPortal = AFD1FEBA21A6CE7400D2894F /* Project object */;
			proxyType = 1;
			remoteGlobalIDString = AFD1FEC121A6CE7400D2894F;
			remoteInfo = InTune;
		};
		AFD1FF8821A8671300D2894F /* PBXContainerItemProxy */ = {
			isa = PBXContainerItemProxy;
			containerPortal = AFD1FEBA21A6CE7400D2894F /* Project object */;
			proxyType = 1;
			remoteGlobalIDString = AFD1FF7421A8671300D2894F;
			remoteInfo = Networking;
		};
/* End PBXContainerItemProxy section */

/* Begin PBXCopyFilesBuildPhase section */
		AFD1FF2521A8125000D2894F /* Embed Frameworks */ = {
			isa = PBXCopyFilesBuildPhase;
			buildActionMask = 2147483647;
			dstPath = "";
			dstSubfolderSpec = 10;
			files = (
				AFD1FF8B21A8671300D2894F /* Networking.framework in Embed Frameworks */,
			);
			name = "Embed Frameworks";
			runOnlyForDeploymentPostprocessing = 0;
		};
/* End PBXCopyFilesBuildPhase section */

/* Begin PBXFileReference section */
		AFD1FEC221A6CE7400D2894F /* InTune.app */ = {isa = PBXFileReference; explicitFileType = wrapper.application; includeInIndex = 0; path = InTune.app; sourceTree = BUILT_PRODUCTS_DIR; };
		AFD1FEC521A6CE7400D2894F /* AppDelegate.swift */ = {isa = PBXFileReference; lastKnownFileType = sourcecode.swift; path = AppDelegate.swift; sourceTree = "<group>"; };
		AFD1FEC721A6CE7400D2894F /* ViewController.swift */ = {isa = PBXFileReference; lastKnownFileType = sourcecode.swift; path = ViewController.swift; sourceTree = "<group>"; };
		AFD1FECA21A6CE7400D2894F /* Base */ = {isa = PBXFileReference; lastKnownFileType = file.storyboard; name = Base; path = Base.lproj/Main.storyboard; sourceTree = "<group>"; };
		AFD1FECC21A6CE7700D2894F /* Assets.xcassets */ = {isa = PBXFileReference; lastKnownFileType = folder.assetcatalog; path = Assets.xcassets; sourceTree = "<group>"; };
		AFD1FECF21A6CE7700D2894F /* Base */ = {isa = PBXFileReference; lastKnownFileType = file.storyboard; name = Base; path = Base.lproj/LaunchScreen.storyboard; sourceTree = "<group>"; };
		AFD1FED121A6CE7700D2894F /* Info.plist */ = {isa = PBXFileReference; lastKnownFileType = text.plist.xml; path = Info.plist; sourceTree = "<group>"; };
		AFD1FED621A6CE7700D2894F /* InTuneTests.xctest */ = {isa = PBXFileReference; explicitFileType = wrapper.cfbundle; includeInIndex = 0; path = InTuneTests.xctest; sourceTree = BUILT_PRODUCTS_DIR; };
		AFD1FEDA21A6CE7700D2894F /* InTuneTests.swift */ = {isa = PBXFileReference; lastKnownFileType = sourcecode.swift; path = InTuneTests.swift; sourceTree = "<group>"; };
		AFD1FEDC21A6CE7700D2894F /* Info.plist */ = {isa = PBXFileReference; lastKnownFileType = text.plist.xml; path = Info.plist; sourceTree = "<group>"; };
		AFD1FEE121A6CE7700D2894F /* InTuneUITests.xctest */ = {isa = PBXFileReference; explicitFileType = wrapper.cfbundle; includeInIndex = 0; path = InTuneUITests.xctest; sourceTree = BUILT_PRODUCTS_DIR; };
		AFD1FEE521A6CE7700D2894F /* InTuneUITests.swift */ = {isa = PBXFileReference; lastKnownFileType = sourcecode.swift; path = InTuneUITests.swift; sourceTree = "<group>"; };
		AFD1FEE721A6CE7700D2894F /* Info.plist */ = {isa = PBXFileReference; lastKnownFileType = text.plist.xml; path = Info.plist; sourceTree = "<group>"; };
		AFD1FEF521A6E2E900D2894F /* Constants.swift */ = {isa = PBXFileReference; lastKnownFileType = sourcecode.swift; path = Constants.swift; sourceTree = "<group>"; };
		AFD1FEF721A6F38300D2894F /* AppController.swift */ = {isa = PBXFileReference; lastKnownFileType = sourcecode.swift; path = AppController.swift; sourceTree = "<group>"; };
		AFD1FEF921A6F39600D2894F /* AppData.swift */ = {isa = PBXFileReference; lastKnownFileType = sourcecode.swift; path = AppData.swift; sourceTree = "<group>"; };
		AFD1FEFB21A6F3A800D2894F /* DataProvider.swift */ = {isa = PBXFileReference; lastKnownFileType = sourcecode.swift; path = DataProvider.swift; sourceTree = "<group>"; };
		AFD1FEFD21A803F300D2894F /* Default-568h@2x.png */ = {isa = PBXFileReference; lastKnownFileType = image.png; path = "Default-568h@2x.png"; sourceTree = "<group>"; };
		AFD1FEFF21A8047600D2894F /* Coordinator.swift */ = {isa = PBXFileReference; lastKnownFileType = sourcecode.swift; path = Coordinator.swift; sourceTree = "<group>"; };
		AFD1FF3D21A8253600D2894F /* ServerResponse.swift */ = {isa = PBXFileReference; lastKnownFileType = sourcecode.swift; path = ServerResponse.swift; sourceTree = "<group>"; };
		AFD1FF4321A8266500D2894F /* MockData.swift */ = {isa = PBXFileReference; fileEncoding = 4; lastKnownFileType = sourcecode.swift; path = MockData.swift; sourceTree = "<group>"; };
		AFD1FF4521A826EF00D2894F /* serverResponse.json */ = {isa = PBXFileReference; fileEncoding = 4; lastKnownFileType = text.json; path = serverResponse.json; sourceTree = "<group>"; };
		AFD1FF4721A827DC00D2894F /* simpleServerResponse.json */ = {isa = PBXFileReference; fileEncoding = 4; lastKnownFileType = text.json; path = simpleServerResponse.json; sourceTree = "<group>"; };
		AFD1FF4A21A8284700D2894F /* noResultsServerResponse.json */ = {isa = PBXFileReference; fileEncoding = 4; lastKnownFileType = text.json; path = noResultsServerResponse.json; sourceTree = "<group>"; };
		AFD1FF5721A8490600D2894F /* SearchiTunesServiceTests.swift */ = {isa = PBXFileReference; lastKnownFileType = sourcecode.swift; path = SearchiTunesServiceTests.swift; sourceTree = "<group>"; };
		AFD1FF5921A84C8300D2894F /* MockNetworkService.swift */ = {isa = PBXFileReference; fileEncoding = 4; lastKnownFileType = sourcecode.swift; path = MockNetworkService.swift; sourceTree = "<group>"; };
		AFD1FF5E21A85CE200D2894F /* SearchWireframe.swift */ = {isa = PBXFileReference; lastKnownFileType = sourcecode.swift; path = SearchWireframe.swift; sourceTree = "<group>"; };
		AFD1FF6021A85D8700D2894F /* CoordinatorTests.swift */ = {isa = PBXFileReference; lastKnownFileType = sourcecode.swift; path = CoordinatorTests.swift; sourceTree = "<group>"; };
		AFD1FF7521A8671300D2894F /* Networking.framework */ = {isa = PBXFileReference; explicitFileType = wrapper.framework; includeInIndex = 0; path = Networking.framework; sourceTree = BUILT_PRODUCTS_DIR; };
		AFD1FF7721A8671300D2894F /* Networking.h */ = {isa = PBXFileReference; lastKnownFileType = sourcecode.c.h; path = Networking.h; sourceTree = "<group>"; };
		AFD1FF7821A8671300D2894F /* Info.plist */ = {isa = PBXFileReference; lastKnownFileType = text.plist.xml; path = Info.plist; sourceTree = "<group>"; };
		AFD1FF7D21A8671300D2894F /* NetworkingTests.xctest */ = {isa = PBXFileReference; explicitFileType = wrapper.cfbundle; includeInIndex = 0; path = NetworkingTests.xctest; sourceTree = BUILT_PRODUCTS_DIR; };
		AFD1FF8621A8671300D2894F /* Info.plist */ = {isa = PBXFileReference; lastKnownFileType = text.plist.xml; path = Info.plist; sourceTree = "<group>"; };
		AFD1FF9321A8674600D2894F /* FormUrlParameterEncoder.swift */ = {isa = PBXFileReference; fileEncoding = 4; lastKnownFileType = sourcecode.swift; path = FormUrlParameterEncoder.swift; sourceTree = "<group>"; };
		AFD1FF9421A8674600D2894F /* ParameterEncoder.swift */ = {isa = PBXFileReference; fileEncoding = 4; lastKnownFileType = sourcecode.swift; path = ParameterEncoder.swift; sourceTree = "<group>"; };
		AFD1FF9521A8674600D2894F /* URLParameterEncoder.swift */ = {isa = PBXFileReference; fileEncoding = 4; lastKnownFileType = sourcecode.swift; path = URLParameterEncoder.swift; sourceTree = "<group>"; };
		AFD1FF9621A8674600D2894F /* JSONParameterEncoder.swift */ = {isa = PBXFileReference; fileEncoding = 4; lastKnownFileType = sourcecode.swift; path = JSONParameterEncoder.swift; sourceTree = "<group>"; };
		AFD1FF9721A8674700D2894F /* Router.swift */ = {isa = PBXFileReference; fileEncoding = 4; lastKnownFileType = sourcecode.swift; path = Router.swift; sourceTree = "<group>"; };
		AFD1FF9821A8674700D2894F /* EndPoint.swift */ = {isa = PBXFileReference; fileEncoding = 4; lastKnownFileType = sourcecode.swift; path = EndPoint.swift; sourceTree = "<group>"; };
		AFD1FF9921A8674700D2894F /* Networking.swift */ = {isa = PBXFileReference; fileEncoding = 4; lastKnownFileType = sourcecode.swift; path = Networking.swift; sourceTree = "<group>"; };
		AFD1FFA221A868B100D2894F /* SearchiTunesService.swift */ = {isa = PBXFileReference; fileEncoding = 4; lastKnownFileType = sourcecode.swift; name = SearchiTunesService.swift; path = Networking/SearchiTunesService.swift; sourceTree = "<group>"; };
		AFD1FFA321A868B100D2894F /* iTunesAPI.swift */ = {isa = PBXFileReference; fileEncoding = 4; lastKnownFileType = sourcecode.swift; name = iTunesAPI.swift; path = Networking/iTunesAPI.swift; sourceTree = "<group>"; };
		AFD1FFA421A868B100D2894F /* NetworkService.swift */ = {isa = PBXFileReference; fileEncoding = 4; lastKnownFileType = sourcecode.swift; name = NetworkService.swift; path = Networking/NetworkService.swift; sourceTree = "<group>"; };
		AFD1FFA521A868B100D2894F /* ServiceProvider.swift */ = {isa = PBXFileReference; fileEncoding = 4; lastKnownFileType = sourcecode.swift; name = ServiceProvider.swift; path = Networking/ServiceProvider.swift; sourceTree = "<group>"; };
		AFD1FFAE21A8704800D2894F /* DataProviderTests.swift */ = {isa = PBXFileReference; lastKnownFileType = sourcecode.swift; path = DataProviderTests.swift; sourceTree = "<group>"; };
		AFD1FFB021A874E600D2894F /* URLParameterEncodingTests.swift */ = {isa = PBXFileReference; fileEncoding = 4; lastKnownFileType = sourcecode.swift; path = URLParameterEncodingTests.swift; sourceTree = "<group>"; };
		AFD1FFB221A874FB00D2894F /* FormUrlEncoderTests.swift */ = {isa = PBXFileReference; fileEncoding = 4; lastKnownFileType = sourcecode.swift; path = FormUrlEncoderTests.swift; sourceTree = "<group>"; };
/* End PBXFileReference section */

/* Begin PBXFrameworksBuildPhase section */
		AFD1FEBF21A6CE7400D2894F /* Frameworks */ = {
			isa = PBXFrameworksBuildPhase;
			buildActionMask = 2147483647;
			files = (
				AFD1FF8A21A8671300D2894F /* Networking.framework in Frameworks */,
			);
			runOnlyForDeploymentPostprocessing = 0;
		};
		AFD1FED321A6CE7700D2894F /* Frameworks */ = {
			isa = PBXFrameworksBuildPhase;
			buildActionMask = 2147483647;
			files = (
			);
			runOnlyForDeploymentPostprocessing = 0;
		};
		AFD1FEDE21A6CE7700D2894F /* Frameworks */ = {
			isa = PBXFrameworksBuildPhase;
			buildActionMask = 2147483647;
			files = (
			);
			runOnlyForDeploymentPostprocessing = 0;
		};
		AFD1FF7221A8671300D2894F /* Frameworks */ = {
			isa = PBXFrameworksBuildPhase;
			buildActionMask = 2147483647;
			files = (
			);
			runOnlyForDeploymentPostprocessing = 0;
		};
		AFD1FF7A21A8671300D2894F /* Frameworks */ = {
			isa = PBXFrameworksBuildPhase;
			buildActionMask = 2147483647;
			files = (
				AFD1FF7E21A8671300D2894F /* Networking.framework in Frameworks */,
			);
			runOnlyForDeploymentPostprocessing = 0;
		};
/* End PBXFrameworksBuildPhase section */

/* Begin PBXGroup section */
		AFD1FEB921A6CE7400D2894F = {
			isa = PBXGroup;
			children = (
				AFD1FEFD21A803F300D2894F /* Default-568h@2x.png */,
				AFD1FEC421A6CE7400D2894F /* InTune */,
				AFD1FED921A6CE7700D2894F /* InTuneTests */,
				AFD1FEE421A6CE7700D2894F /* InTuneUITests */,
				AFD1FF7621A8671300D2894F /* Networking */,
				AFD1FF8321A8671300D2894F /* NetworkingTests */,
				AFD1FEC321A6CE7400D2894F /* Products */,
			);
			sourceTree = "<group>";
		};
		AFD1FEC321A6CE7400D2894F /* Products */ = {
			isa = PBXGroup;
			children = (
				AFD1FEC221A6CE7400D2894F /* InTune.app */,
				AFD1FED621A6CE7700D2894F /* InTuneTests.xctest */,
				AFD1FEE121A6CE7700D2894F /* InTuneUITests.xctest */,
				AFD1FF7521A8671300D2894F /* Networking.framework */,
				AFD1FF7D21A8671300D2894F /* NetworkingTests.xctest */,
			);
			name = Products;
			sourceTree = "<group>";
		};
		AFD1FEC421A6CE7400D2894F /* InTune */ = {
			isa = PBXGroup;
			children = (
				AFD1FF3C21A8252A00D2894F /* Model */,
				AFD1FF0421A8053900D2894F /* Services */,
				AFD1FF0121A804E800D2894F /* Modules */,
				AFD1FEF421A6DE7300D2894F /* Supporting Files */,
				AFD1FEF321A6DE6600D2894F /* Core */,
			);
			path = InTune;
			sourceTree = "<group>";
		};
		AFD1FED921A6CE7700D2894F /* InTuneTests */ = {
			isa = PBXGroup;
			children = (
				AFD1FF4021A8256900D2894F /* Mocks */,
				AFD1FEDA21A6CE7700D2894F /* InTuneTests.swift */,
				AFD1FEDC21A6CE7700D2894F /* Info.plist */,
				AFD1FF5721A8490600D2894F /* SearchiTunesServiceTests.swift */,
				AFD1FF6021A85D8700D2894F /* CoordinatorTests.swift */,
				AFD1FFAE21A8704800D2894F /* DataProviderTests.swift */,
			);
			path = InTuneTests;
			sourceTree = "<group>";
		};
		AFD1FEE421A6CE7700D2894F /* InTuneUITests */ = {
			isa = PBXGroup;
			children = (
				AFD1FEE521A6CE7700D2894F /* InTuneUITests.swift */,
				AFD1FEE721A6CE7700D2894F /* Info.plist */,
			);
			path = InTuneUITests;
			sourceTree = "<group>";
		};
		AFD1FEF321A6DE6600D2894F /* Core */ = {
			isa = PBXGroup;
			children = (
				AFD1FEC521A6CE7400D2894F /* AppDelegate.swift */,
				AFD1FEF721A6F38300D2894F /* AppController.swift */,
				AFD1FEC721A6CE7400D2894F /* ViewController.swift */,
				AFD1FEF521A6E2E900D2894F /* Constants.swift */,
				AFD1FEF921A6F39600D2894F /* AppData.swift */,
				AFD1FEFB21A6F3A800D2894F /* DataProvider.swift */,
				AFD1FEFF21A8047600D2894F /* Coordinator.swift */,
			);
			path = Core;
			sourceTree = "<group>";
		};
		AFD1FEF421A6DE7300D2894F /* Supporting Files */ = {
			isa = PBXGroup;
			children = (
				AFD1FEC921A6CE7400D2894F /* Main.storyboard */,
				AFD1FED121A6CE7700D2894F /* Info.plist */,
				AFD1FECE21A6CE7700D2894F /* LaunchScreen.storyboard */,
				AFD1FECC21A6CE7700D2894F /* Assets.xcassets */,
			);
			path = "Supporting Files";
			sourceTree = "<group>";
		};
		AFD1FF0121A804E800D2894F /* Modules */ = {
			isa = PBXGroup;
			children = (
				AFD1FF0321A8050700D2894F /* Song Detail */,
				AFD1FF0221A804F100D2894F /* Search */,
			);
			path = Modules;
			sourceTree = "<group>";
		};
		AFD1FF0221A804F100D2894F /* Search */ = {
			isa = PBXGroup;
			children = (
				AFD1FF5E21A85CE200D2894F /* SearchWireframe.swift */,
			);
			path = Search;
			sourceTree = "<group>";
		};
		AFD1FF0321A8050700D2894F /* Song Detail */ = {
			isa = PBXGroup;
			children = (
			);
			path = "Song Detail";
			sourceTree = "<group>";
		};
		AFD1FF0421A8053900D2894F /* Services */ = {
			isa = PBXGroup;
			children = (
				AFD1FFA321A868B100D2894F /* iTunesAPI.swift */,
				AFD1FFA421A868B100D2894F /* NetworkService.swift */,
				AFD1FFA221A868B100D2894F /* SearchiTunesService.swift */,
				AFD1FFA521A868B100D2894F /* ServiceProvider.swift */,
			);
			path = Services;
			sourceTree = "<group>";
		};
		AFD1FF3C21A8252A00D2894F /* Model */ = {
			isa = PBXGroup;
			children = (
				AFD1FF3D21A8253600D2894F /* ServerResponse.swift */,
			);
			path = Model;
			sourceTree = "<group>";
		};
		AFD1FF4021A8256900D2894F /* Mocks */ = {
			isa = PBXGroup;
			children = (
				AFD1FF4A21A8284700D2894F /* noResultsServerResponse.json */,
				AFD1FF4721A827DC00D2894F /* simpleServerResponse.json */,
				AFD1FF4521A826EF00D2894F /* serverResponse.json */,
				AFD1FF4321A8266500D2894F /* MockData.swift */,
				AFD1FF5921A84C8300D2894F /* MockNetworkService.swift */,
			);
			path = Mocks;
			sourceTree = "<group>";
		};
		AFD1FF7621A8671300D2894F /* Networking */ = {
			isa = PBXGroup;
			children = (
				AFD1FF9221A8674600D2894F /* Encoder */,
				AFD1FF9821A8674700D2894F /* EndPoint.swift */,
				AFD1FF9921A8674700D2894F /* Networking.swift */,
				AFD1FF9721A8674700D2894F /* Router.swift */,
				AFD1FF7721A8671300D2894F /* Networking.h */,
				AFD1FF7821A8671300D2894F /* Info.plist */,
			);
			path = Networking;
			sourceTree = "<group>";
		};
		AFD1FF8321A8671300D2894F /* NetworkingTests */ = {
			isa = PBXGroup;
			children = (
				AFD1FFB221A874FB00D2894F /* FormUrlEncoderTests.swift */,
				AFD1FFB021A874E600D2894F /* URLParameterEncodingTests.swift */,
				AFD1FF8621A8671300D2894F /* Info.plist */,
			);
			path = NetworkingTests;
			sourceTree = "<group>";
		};
		AFD1FF9221A8674600D2894F /* Encoder */ = {
			isa = PBXGroup;
			children = (
				AFD1FF9321A8674600D2894F /* FormUrlParameterEncoder.swift */,
				AFD1FF9421A8674600D2894F /* ParameterEncoder.swift */,
				AFD1FF9521A8674600D2894F /* URLParameterEncoder.swift */,
				AFD1FF9621A8674600D2894F /* JSONParameterEncoder.swift */,
			);
			path = Encoder;
			sourceTree = "<group>";
		};
/* End PBXGroup section */

/* Begin PBXHeadersBuildPhase section */
		AFD1FF7021A8671300D2894F /* Headers */ = {
			isa = PBXHeadersBuildPhase;
			buildActionMask = 2147483647;
			files = (
				AFD1FF8721A8671300D2894F /* Networking.h in Headers */,
			);
			runOnlyForDeploymentPostprocessing = 0;
		};
/* End PBXHeadersBuildPhase section */

/* Begin PBXNativeTarget section */
		AFD1FEC121A6CE7400D2894F /* InTune */ = {
			isa = PBXNativeTarget;
			buildConfigurationList = AFD1FEEA21A6CE7700D2894F /* Build configuration list for PBXNativeTarget "InTune" */;
			buildPhases = (
				AFD1FEBE21A6CE7400D2894F /* Sources */,
				AFD1FEBF21A6CE7400D2894F /* Frameworks */,
				AFD1FEC021A6CE7400D2894F /* Resources */,
				AFD1FF2521A8125000D2894F /* Embed Frameworks */,
			);
			buildRules = (
			);
			dependencies = (
				AFD1FF8921A8671300D2894F /* PBXTargetDependency */,
			);
			name = InTune;
			productName = InTune;
			productReference = AFD1FEC221A6CE7400D2894F /* InTune.app */;
			productType = "com.apple.product-type.application";
		};
		AFD1FED521A6CE7700D2894F /* InTuneTests */ = {
			isa = PBXNativeTarget;
			buildConfigurationList = AFD1FEED21A6CE7700D2894F /* Build configuration list for PBXNativeTarget "InTuneTests" */;
			buildPhases = (
				AFD1FED221A6CE7700D2894F /* Sources */,
				AFD1FED321A6CE7700D2894F /* Frameworks */,
				AFD1FED421A6CE7700D2894F /* Resources */,
			);
			buildRules = (
			);
			dependencies = (
				AFD1FED821A6CE7700D2894F /* PBXTargetDependency */,
			);
			name = InTuneTests;
			productName = InTuneTests;
			productReference = AFD1FED621A6CE7700D2894F /* InTuneTests.xctest */;
			productType = "com.apple.product-type.bundle.unit-test";
		};
		AFD1FEE021A6CE7700D2894F /* InTuneUITests */ = {
			isa = PBXNativeTarget;
			buildConfigurationList = AFD1FEF021A6CE7700D2894F /* Build configuration list for PBXNativeTarget "InTuneUITests" */;
			buildPhases = (
				AFD1FEDD21A6CE7700D2894F /* Sources */,
				AFD1FEDE21A6CE7700D2894F /* Frameworks */,
				AFD1FEDF21A6CE7700D2894F /* Resources */,
			);
			buildRules = (
			);
			dependencies = (
				AFD1FEE321A6CE7700D2894F /* PBXTargetDependency */,
			);
			name = InTuneUITests;
			productName = InTuneUITests;
			productReference = AFD1FEE121A6CE7700D2894F /* InTuneUITests.xctest */;
			productType = "com.apple.product-type.bundle.ui-testing";
		};
		AFD1FF7421A8671300D2894F /* Networking */ = {
			isa = PBXNativeTarget;
			buildConfigurationList = AFD1FF8C21A8671300D2894F /* Build configuration list for PBXNativeTarget "Networking" */;
			buildPhases = (
				AFD1FF7021A8671300D2894F /* Headers */,
				AFD1FF7121A8671300D2894F /* Sources */,
				AFD1FF7221A8671300D2894F /* Frameworks */,
				AFD1FF7321A8671300D2894F /* Resources */,
			);
			buildRules = (
			);
			dependencies = (
			);
			name = Networking;
			productName = Networking;
			productReference = AFD1FF7521A8671300D2894F /* Networking.framework */;
			productType = "com.apple.product-type.framework";
		};
		AFD1FF7C21A8671300D2894F /* NetworkingTests */ = {
			isa = PBXNativeTarget;
			buildConfigurationList = AFD1FF8F21A8671300D2894F /* Build configuration list for PBXNativeTarget "NetworkingTests" */;
			buildPhases = (
				AFD1FF7921A8671300D2894F /* Sources */,
				AFD1FF7A21A8671300D2894F /* Frameworks */,
				AFD1FF7B21A8671300D2894F /* Resources */,
			);
			buildRules = (
			);
			dependencies = (
				AFD1FF8021A8671300D2894F /* PBXTargetDependency */,
				AFD1FF8221A8671300D2894F /* PBXTargetDependency */,
			);
			name = NetworkingTests;
			productName = NetworkingTests;
			productReference = AFD1FF7D21A8671300D2894F /* NetworkingTests.xctest */;
			productType = "com.apple.product-type.bundle.unit-test";
		};
/* End PBXNativeTarget section */

/* Begin PBXProject section */
		AFD1FEBA21A6CE7400D2894F /* Project object */ = {
			isa = PBXProject;
			attributes = {
				LastSwiftUpdateCheck = 1010;
				LastUpgradeCheck = 1010;
				ORGANIZATIONNAME = Sonomos;
				TargetAttributes = {
					AFD1FEC121A6CE7400D2894F = {
						CreatedOnToolsVersion = 10.1;
					};
					AFD1FED521A6CE7700D2894F = {
						CreatedOnToolsVersion = 10.1;
						TestTargetID = AFD1FEC121A6CE7400D2894F;
					};
					AFD1FEE021A6CE7700D2894F = {
						CreatedOnToolsVersion = 10.1;
						TestTargetID = AFD1FEC121A6CE7400D2894F;
					};
					AFD1FF7421A8671300D2894F = {
						CreatedOnToolsVersion = 10.1;
						LastSwiftMigration = 1010;
					};
					AFD1FF7C21A8671300D2894F = {
						CreatedOnToolsVersion = 10.1;
						LastSwiftMigration = 1010;
						TestTargetID = AFD1FEC121A6CE7400D2894F;
					};
				};
			};
			buildConfigurationList = AFD1FEBD21A6CE7400D2894F /* Build configuration list for PBXProject "InTune" */;
			compatibilityVersion = "Xcode 9.3";
			developmentRegion = en;
			hasScannedForEncodings = 0;
			knownRegions = (
				en,
				Base,
			);
			mainGroup = AFD1FEB921A6CE7400D2894F;
			productRefGroup = AFD1FEC321A6CE7400D2894F /* Products */;
			projectDirPath = "";
			projectRoot = "";
			targets = (
				AFD1FEC121A6CE7400D2894F /* InTune */,
				AFD1FED521A6CE7700D2894F /* InTuneTests */,
				AFD1FEE021A6CE7700D2894F /* InTuneUITests */,
				AFD1FF7421A8671300D2894F /* Networking */,
				AFD1FF7C21A8671300D2894F /* NetworkingTests */,
			);
		};
/* End PBXProject section */

/* Begin PBXResourcesBuildPhase section */
		AFD1FEC021A6CE7400D2894F /* Resources */ = {
			isa = PBXResourcesBuildPhase;
			buildActionMask = 2147483647;
			files = (
				AFD1FED021A6CE7700D2894F /* LaunchScreen.storyboard in Resources */,
				AFD1FEFE21A803F300D2894F /* Default-568h@2x.png in Resources */,
				AFD1FECD21A6CE7700D2894F /* Assets.xcassets in Resources */,
				AFD1FFAB21A86E2A00D2894F /* simpleServerResponse.json in Resources */,
				AFD1FECB21A6CE7400D2894F /* Main.storyboard in Resources */,
				AFD1FFAA21A86E2700D2894F /* noResultsServerResponse.json in Resources */,
				AFD1FFAC21A86E2F00D2894F /* serverResponse.json in Resources */,
			);
			runOnlyForDeploymentPostprocessing = 0;
		};
		AFD1FED421A6CE7700D2894F /* Resources */ = {
			isa = PBXResourcesBuildPhase;
			buildActionMask = 2147483647;
			files = (
				AFD1FFAD21A86E3200D2894F /* noResultsServerResponse.json in Resources */,
				AFD1FF5D21A84C9200D2894F /* serverResponse.json in Resources */,
				AFD1FF5C21A84C8F00D2894F /* simpleServerResponse.json in Resources */,
			);
			runOnlyForDeploymentPostprocessing = 0;
		};
		AFD1FEDF21A6CE7700D2894F /* Resources */ = {
			isa = PBXResourcesBuildPhase;
			buildActionMask = 2147483647;
			files = (
			);
			runOnlyForDeploymentPostprocessing = 0;
		};
		AFD1FF7321A8671300D2894F /* Resources */ = {
			isa = PBXResourcesBuildPhase;
			buildActionMask = 2147483647;
			files = (
			);
			runOnlyForDeploymentPostprocessing = 0;
		};
		AFD1FF7B21A8671300D2894F /* Resources */ = {
			isa = PBXResourcesBuildPhase;
			buildActionMask = 2147483647;
			files = (
			);
			runOnlyForDeploymentPostprocessing = 0;
		};
/* End PBXResourcesBuildPhase section */

/* Begin PBXSourcesBuildPhase section */
		AFD1FEBE21A6CE7400D2894F /* Sources */ = {
			isa = PBXSourcesBuildPhase;
			buildActionMask = 2147483647;
			files = (
				AFD1FEFC21A6F3A800D2894F /* DataProvider.swift in Sources */,
				AFD1FEC821A6CE7400D2894F /* ViewController.swift in Sources */,
				AFD1FEC621A6CE7400D2894F /* AppDelegate.swift in Sources */,
				AFD1FFA721A868B200D2894F /* iTunesAPI.swift in Sources */,
				AFD1FEF621A6E2E900D2894F /* Constants.swift in Sources */,
				AFD1FEF821A6F38300D2894F /* AppController.swift in Sources */,
				AFD1FFA621A868B200D2894F /* SearchiTunesService.swift in Sources */,
				AFD1FF5F21A85CE200D2894F /* SearchWireframe.swift in Sources */,
				AFD1FF3E21A8253600D2894F /* ServerResponse.swift in Sources */,
				AFD1FEFA21A6F39600D2894F /* AppData.swift in Sources */,
				AFD1FFA921A868B200D2894F /* ServiceProvider.swift in Sources */,
				AFD1FFA821A868B200D2894F /* NetworkService.swift in Sources */,
				AFD1FF0021A8047600D2894F /* Coordinator.swift in Sources */,
			);
			runOnlyForDeploymentPostprocessing = 0;
		};
		AFD1FED221A6CE7700D2894F /* Sources */ = {
			isa = PBXSourcesBuildPhase;
			buildActionMask = 2147483647;
			files = (
				AFD1FF5A21A84C8400D2894F /* MockNetworkService.swift in Sources */,
				AFD1FF6121A85D8700D2894F /* CoordinatorTests.swift in Sources */,
				AFD1FFAF21A8704800D2894F /* DataProviderTests.swift in Sources */,
				AFD1FF5821A8490600D2894F /* SearchiTunesServiceTests.swift in Sources */,
				AFD1FEDB21A6CE7700D2894F /* InTuneTests.swift in Sources */,
				AFD1FF4421A8266500D2894F /* MockData.swift in Sources */,
			);
			runOnlyForDeploymentPostprocessing = 0;
		};
		AFD1FEDD21A6CE7700D2894F /* Sources */ = {
			isa = PBXSourcesBuildPhase;
			buildActionMask = 2147483647;
			files = (
				AFD1FEE621A6CE7700D2894F /* InTuneUITests.swift in Sources */,
			);
			runOnlyForDeploymentPostprocessing = 0;
		};
		AFD1FF7121A8671300D2894F /* Sources */ = {
			isa = PBXSourcesBuildPhase;
			buildActionMask = 2147483647;
			files = (
				AFD1FF9F21A8674800D2894F /* EndPoint.swift in Sources */,
				AFD1FF9D21A8674800D2894F /* JSONParameterEncoder.swift in Sources */,
				AFD1FF9B21A8674800D2894F /* ParameterEncoder.swift in Sources */,
				AFD1FF9E21A8674800D2894F /* Router.swift in Sources */,
				AFD1FF9A21A8674800D2894F /* FormUrlParameterEncoder.swift in Sources */,
				AFD1FF9C21A8674800D2894F /* URLParameterEncoder.swift in Sources */,
				AFD1FFA021A8674800D2894F /* Networking.swift in Sources */,
			);
			runOnlyForDeploymentPostprocessing = 0;
		};
		AFD1FF7921A8671300D2894F /* Sources */ = {
			isa = PBXSourcesBuildPhase;
			buildActionMask = 2147483647;
			files = (
				AFD1FFB321A874FB00D2894F /* FormUrlEncoderTests.swift in Sources */,
				AFD1FFB121A874E600D2894F /* URLParameterEncodingTests.swift in Sources */,
			);
			runOnlyForDeploymentPostprocessing = 0;
		};
/* End PBXSourcesBuildPhase section */

/* Begin PBXTargetDependency section */
		AFD1FED821A6CE7700D2894F /* PBXTargetDependency */ = {
			isa = PBXTargetDependency;
			target = AFD1FEC121A6CE7400D2894F /* InTune */;
			targetProxy = AFD1FED721A6CE7700D2894F /* PBXContainerItemProxy */;
		};
		AFD1FEE321A6CE7700D2894F /* PBXTargetDependency */ = {
			isa = PBXTargetDependency;
			target = AFD1FEC121A6CE7400D2894F /* InTune */;
			targetProxy = AFD1FEE221A6CE7700D2894F /* PBXContainerItemProxy */;
		};
		AFD1FF8021A8671300D2894F /* PBXTargetDependency */ = {
			isa = PBXTargetDependency;
			target = AFD1FF7421A8671300D2894F /* Networking */;
			targetProxy = AFD1FF7F21A8671300D2894F /* PBXContainerItemProxy */;
		};
		AFD1FF8221A8671300D2894F /* PBXTargetDependency */ = {
			isa = PBXTargetDependency;
			target = AFD1FEC121A6CE7400D2894F /* InTune */;
			targetProxy = AFD1FF8121A8671300D2894F /* PBXContainerItemProxy */;
		};
		AFD1FF8921A8671300D2894F /* PBXTargetDependency */ = {
			isa = PBXTargetDependency;
			target = AFD1FF7421A8671300D2894F /* Networking */;
			targetProxy = AFD1FF8821A8671300D2894F /* PBXContainerItemProxy */;
		};
/* End PBXTargetDependency section */

/* Begin PBXVariantGroup section */
		AFD1FEC921A6CE7400D2894F /* Main.storyboard */ = {
			isa = PBXVariantGroup;
			children = (
				AFD1FECA21A6CE7400D2894F /* Base */,
			);
			name = Main.storyboard;
			sourceTree = "<group>";
		};
		AFD1FECE21A6CE7700D2894F /* LaunchScreen.storyboard */ = {
			isa = PBXVariantGroup;
			children = (
				AFD1FECF21A6CE7700D2894F /* Base */,
			);
			name = LaunchScreen.storyboard;
			sourceTree = "<group>";
		};
/* End PBXVariantGroup section */

/* Begin XCBuildConfiguration section */
		AFD1FEE821A6CE7700D2894F /* Debug */ = {
			isa = XCBuildConfiguration;
			buildSettings = {
				ALWAYS_SEARCH_USER_PATHS = NO;
				CLANG_ANALYZER_NONNULL = YES;
				CLANG_ANALYZER_NUMBER_OBJECT_CONVERSION = YES_AGGRESSIVE;
				CLANG_CXX_LANGUAGE_STANDARD = "gnu++14";
				CLANG_CXX_LIBRARY = "libc++";
				CLANG_ENABLE_MODULES = YES;
				CLANG_ENABLE_OBJC_ARC = YES;
				CLANG_ENABLE_OBJC_WEAK = YES;
				CLANG_WARN_BLOCK_CAPTURE_AUTORELEASING = YES;
				CLANG_WARN_BOOL_CONVERSION = YES;
				CLANG_WARN_COMMA = YES;
				CLANG_WARN_CONSTANT_CONVERSION = YES;
				CLANG_WARN_DEPRECATED_OBJC_IMPLEMENTATIONS = YES;
				CLANG_WARN_DIRECT_OBJC_ISA_USAGE = YES_ERROR;
				CLANG_WARN_DOCUMENTATION_COMMENTS = YES;
				CLANG_WARN_EMPTY_BODY = YES;
				CLANG_WARN_ENUM_CONVERSION = YES;
				CLANG_WARN_INFINITE_RECURSION = YES;
				CLANG_WARN_INT_CONVERSION = YES;
				CLANG_WARN_NON_LITERAL_NULL_CONVERSION = YES;
				CLANG_WARN_OBJC_IMPLICIT_RETAIN_SELF = YES;
				CLANG_WARN_OBJC_LITERAL_CONVERSION = YES;
				CLANG_WARN_OBJC_ROOT_CLASS = YES_ERROR;
				CLANG_WARN_RANGE_LOOP_ANALYSIS = YES;
				CLANG_WARN_STRICT_PROTOTYPES = YES;
				CLANG_WARN_SUSPICIOUS_MOVE = YES;
				CLANG_WARN_UNGUARDED_AVAILABILITY = YES_AGGRESSIVE;
				CLANG_WARN_UNREACHABLE_CODE = YES;
				CLANG_WARN__DUPLICATE_METHOD_MATCH = YES;
				CODE_SIGN_IDENTITY = "iPhone Developer";
				COPY_PHASE_STRIP = NO;
				DEBUG_INFORMATION_FORMAT = dwarf;
				ENABLE_STRICT_OBJC_MSGSEND = YES;
				ENABLE_TESTABILITY = YES;
				GCC_C_LANGUAGE_STANDARD = gnu11;
				GCC_DYNAMIC_NO_PIC = NO;
				GCC_NO_COMMON_BLOCKS = YES;
				GCC_OPTIMIZATION_LEVEL = 0;
				GCC_PREPROCESSOR_DEFINITIONS = (
					"DEBUG=1",
					"$(inherited)",
				);
				GCC_WARN_64_TO_32_BIT_CONVERSION = YES;
				GCC_WARN_ABOUT_RETURN_TYPE = YES_ERROR;
				GCC_WARN_UNDECLARED_SELECTOR = YES;
				GCC_WARN_UNINITIALIZED_AUTOS = YES_AGGRESSIVE;
				GCC_WARN_UNUSED_FUNCTION = YES;
				GCC_WARN_UNUSED_VARIABLE = YES;
				IPHONEOS_DEPLOYMENT_TARGET = 12.1;
				MTL_ENABLE_DEBUG_INFO = INCLUDE_SOURCE;
				MTL_FAST_MATH = YES;
				ONLY_ACTIVE_ARCH = YES;
				SDKROOT = iphoneos;
				SWIFT_ACTIVE_COMPILATION_CONDITIONS = DEBUG;
				SWIFT_OPTIMIZATION_LEVEL = "-Onone";
			};
			name = Debug;
		};
		AFD1FEE921A6CE7700D2894F /* Release */ = {
			isa = XCBuildConfiguration;
			buildSettings = {
				ALWAYS_SEARCH_USER_PATHS = NO;
				CLANG_ANALYZER_NONNULL = YES;
				CLANG_ANALYZER_NUMBER_OBJECT_CONVERSION = YES_AGGRESSIVE;
				CLANG_CXX_LANGUAGE_STANDARD = "gnu++14";
				CLANG_CXX_LIBRARY = "libc++";
				CLANG_ENABLE_MODULES = YES;
				CLANG_ENABLE_OBJC_ARC = YES;
				CLANG_ENABLE_OBJC_WEAK = YES;
				CLANG_WARN_BLOCK_CAPTURE_AUTORELEASING = YES;
				CLANG_WARN_BOOL_CONVERSION = YES;
				CLANG_WARN_COMMA = YES;
				CLANG_WARN_CONSTANT_CONVERSION = YES;
				CLANG_WARN_DEPRECATED_OBJC_IMPLEMENTATIONS = YES;
				CLANG_WARN_DIRECT_OBJC_ISA_USAGE = YES_ERROR;
				CLANG_WARN_DOCUMENTATION_COMMENTS = YES;
				CLANG_WARN_EMPTY_BODY = YES;
				CLANG_WARN_ENUM_CONVERSION = YES;
				CLANG_WARN_INFINITE_RECURSION = YES;
				CLANG_WARN_INT_CONVERSION = YES;
				CLANG_WARN_NON_LITERAL_NULL_CONVERSION = YES;
				CLANG_WARN_OBJC_IMPLICIT_RETAIN_SELF = YES;
				CLANG_WARN_OBJC_LITERAL_CONVERSION = YES;
				CLANG_WARN_OBJC_ROOT_CLASS = YES_ERROR;
				CLANG_WARN_RANGE_LOOP_ANALYSIS = YES;
				CLANG_WARN_STRICT_PROTOTYPES = YES;
				CLANG_WARN_SUSPICIOUS_MOVE = YES;
				CLANG_WARN_UNGUARDED_AVAILABILITY = YES_AGGRESSIVE;
				CLANG_WARN_UNREACHABLE_CODE = YES;
				CLANG_WARN__DUPLICATE_METHOD_MATCH = YES;
				CODE_SIGN_IDENTITY = "iPhone Developer";
				COPY_PHASE_STRIP = NO;
				DEBUG_INFORMATION_FORMAT = "dwarf-with-dsym";
				ENABLE_NS_ASSERTIONS = NO;
				ENABLE_STRICT_OBJC_MSGSEND = YES;
				GCC_C_LANGUAGE_STANDARD = gnu11;
				GCC_NO_COMMON_BLOCKS = YES;
				GCC_WARN_64_TO_32_BIT_CONVERSION = YES;
				GCC_WARN_ABOUT_RETURN_TYPE = YES_ERROR;
				GCC_WARN_UNDECLARED_SELECTOR = YES;
				GCC_WARN_UNINITIALIZED_AUTOS = YES_AGGRESSIVE;
				GCC_WARN_UNUSED_FUNCTION = YES;
				GCC_WARN_UNUSED_VARIABLE = YES;
				IPHONEOS_DEPLOYMENT_TARGET = 12.1;
				MTL_ENABLE_DEBUG_INFO = NO;
				MTL_FAST_MATH = YES;
				SDKROOT = iphoneos;
				SWIFT_COMPILATION_MODE = wholemodule;
				SWIFT_OPTIMIZATION_LEVEL = "-O";
				VALIDATE_PRODUCT = YES;
			};
			name = Release;
		};
		AFD1FEEB21A6CE7700D2894F /* Debug */ = {
			isa = XCBuildConfiguration;
			buildSettings = {
				ALWAYS_EMBED_SWIFT_STANDARD_LIBRARIES = YES;
				ASSETCATALOG_COMPILER_APPICON_NAME = AppIcon;
				CODE_SIGN_STYLE = Automatic;
				DEVELOPMENT_TEAM = MNZD883YQL;
				INFOPLIST_FILE = "$(SRCROOT)/InTune/Supporting Files/Info.plist";
				IPHONEOS_DEPLOYMENT_TARGET = 12.0;
				LD_RUNPATH_SEARCH_PATHS = (
					"$(inherited)",
					"@executable_path/Frameworks",
				);
				PRODUCT_BUNDLE_IDENTIFIER = com.sonomos.InTune;
				PRODUCT_NAME = "$(TARGET_NAME)";
				SWIFT_VERSION = 4.2;
				TARGETED_DEVICE_FAMILY = 1;
			};
			name = Debug;
		};
		AFD1FEEC21A6CE7700D2894F /* Release */ = {
			isa = XCBuildConfiguration;
			buildSettings = {
				ALWAYS_EMBED_SWIFT_STANDARD_LIBRARIES = YES;
				ASSETCATALOG_COMPILER_APPICON_NAME = AppIcon;
				CODE_SIGN_STYLE = Automatic;
				DEVELOPMENT_TEAM = MNZD883YQL;
				INFOPLIST_FILE = "$(SRCROOT)/InTune/Supporting Files/Info.plist";
				IPHONEOS_DEPLOYMENT_TARGET = 12.0;
				LD_RUNPATH_SEARCH_PATHS = (
					"$(inherited)",
					"@executable_path/Frameworks",
				);
				PRODUCT_BUNDLE_IDENTIFIER = com.sonomos.InTune;
				PRODUCT_NAME = "$(TARGET_NAME)";
				SWIFT_VERSION = 4.2;
				TARGETED_DEVICE_FAMILY = 1;
			};
			name = Release;
		};
		AFD1FEEE21A6CE7700D2894F /* Debug */ = {
			isa = XCBuildConfiguration;
			buildSettings = {
				ALWAYS_EMBED_SWIFT_STANDARD_LIBRARIES = YES;
				BUNDLE_LOADER = "$(TEST_HOST)";
				CODE_SIGN_STYLE = Automatic;
				DEVELOPMENT_TEAM = MNZD883YQL;
				INFOPLIST_FILE = InTuneTests/Info.plist;
				LD_RUNPATH_SEARCH_PATHS = (
					"$(inherited)",
					"@executable_path/Frameworks",
					"@loader_path/Frameworks",
				);
				PRODUCT_BUNDLE_IDENTIFIER = com.sonomos.InTuneTests;
				PRODUCT_NAME = "$(TARGET_NAME)";
				SWIFT_VERSION = 4.2;
				TARGETED_DEVICE_FAMILY = "1,2";
				TEST_HOST = "$(BUILT_PRODUCTS_DIR)/InTune.app/InTune";
			};
			name = Debug;
		};
		AFD1FEEF21A6CE7700D2894F /* Release */ = {
			isa = XCBuildConfiguration;
			buildSettings = {
				ALWAYS_EMBED_SWIFT_STANDARD_LIBRARIES = YES;
				BUNDLE_LOADER = "$(TEST_HOST)";
				CODE_SIGN_STYLE = Automatic;
				DEVELOPMENT_TEAM = MNZD883YQL;
				INFOPLIST_FILE = InTuneTests/Info.plist;
				LD_RUNPATH_SEARCH_PATHS = (
					"$(inherited)",
					"@executable_path/Frameworks",
					"@loader_path/Frameworks",
				);
				PRODUCT_BUNDLE_IDENTIFIER = com.sonomos.InTuneTests;
				PRODUCT_NAME = "$(TARGET_NAME)";
				SWIFT_VERSION = 4.2;
				TARGETED_DEVICE_FAMILY = "1,2";
				TEST_HOST = "$(BUILT_PRODUCTS_DIR)/InTune.app/InTune";
			};
			name = Release;
		};
		AFD1FEF121A6CE7700D2894F /* Debug */ = {
			isa = XCBuildConfiguration;
			buildSettings = {
				ALWAYS_EMBED_SWIFT_STANDARD_LIBRARIES = YES;
				CODE_SIGN_STYLE = Automatic;
				DEVELOPMENT_TEAM = MNZD883YQL;
				INFOPLIST_FILE = InTuneUITests/Info.plist;
				LD_RUNPATH_SEARCH_PATHS = (
					"$(inherited)",
					"@executable_path/Frameworks",
					"@loader_path/Frameworks",
				);
				PRODUCT_BUNDLE_IDENTIFIER = com.sonomos.InTuneUITests;
				PRODUCT_NAME = "$(TARGET_NAME)";
				SWIFT_VERSION = 4.2;
				TARGETED_DEVICE_FAMILY = "1,2";
				TEST_TARGET_NAME = InTune;
			};
			name = Debug;
		};
		AFD1FEF221A6CE7700D2894F /* Release */ = {
			isa = XCBuildConfiguration;
			buildSettings = {
				ALWAYS_EMBED_SWIFT_STANDARD_LIBRARIES = YES;
				CODE_SIGN_STYLE = Automatic;
				DEVELOPMENT_TEAM = MNZD883YQL;
				INFOPLIST_FILE = InTuneUITests/Info.plist;
				LD_RUNPATH_SEARCH_PATHS = (
					"$(inherited)",
					"@executable_path/Frameworks",
					"@loader_path/Frameworks",
				);
				PRODUCT_BUNDLE_IDENTIFIER = com.sonomos.InTuneUITests;
				PRODUCT_NAME = "$(TARGET_NAME)";
				SWIFT_VERSION = 4.2;
				TARGETED_DEVICE_FAMILY = "1,2";
				TEST_TARGET_NAME = InTune;
			};
			name = Release;
		};
		AFD1FF8D21A8671300D2894F /* Debug */ = {
			isa = XCBuildConfiguration;
			buildSettings = {
				CLANG_ENABLE_MODULES = YES;
				CODE_SIGN_IDENTITY = "";
				CODE_SIGN_STYLE = Automatic;
				CURRENT_PROJECT_VERSION = 1;
				DEFINES_MODULE = YES;
				DEVELOPMENT_TEAM = MNZD883YQL;
				DYLIB_COMPATIBILITY_VERSION = 1;
				DYLIB_CURRENT_VERSION = 1;
				DYLIB_INSTALL_NAME_BASE = "@rpath";
				INFOPLIST_FILE = Networking/Info.plist;
				INSTALL_PATH = "$(LOCAL_LIBRARY_DIR)/Frameworks";
				IPHONEOS_DEPLOYMENT_TARGET = 12.0;
				LD_RUNPATH_SEARCH_PATHS = (
					"$(inherited)",
					"@executable_path/Frameworks",
					"@loader_path/Frameworks",
				);
				PRODUCT_BUNDLE_IDENTIFIER = com.sonomos.Networking;
				PRODUCT_NAME = "$(TARGET_NAME:c99extidentifier)";
				SKIP_INSTALL = YES;
				SWIFT_OPTIMIZATION_LEVEL = "-Onone";
				SWIFT_VERSION = 4.2;
				TARGETED_DEVICE_FAMILY = "1,2";
				VERSIONING_SYSTEM = "apple-generic";
				VERSION_INFO_PREFIX = "";
			};
			name = Debug;
		};
		AFD1FF8E21A8671300D2894F /* Release */ = {
			isa = XCBuildConfiguration;
			buildSettings = {
				CLANG_ENABLE_MODULES = YES;
				CODE_SIGN_IDENTITY = "";
				CODE_SIGN_STYLE = Automatic;
				CURRENT_PROJECT_VERSION = 1;
				DEFINES_MODULE = YES;
				DEVELOPMENT_TEAM = MNZD883YQL;
				DYLIB_COMPATIBILITY_VERSION = 1;
				DYLIB_CURRENT_VERSION = 1;
				DYLIB_INSTALL_NAME_BASE = "@rpath";
				INFOPLIST_FILE = Networking/Info.plist;
				INSTALL_PATH = "$(LOCAL_LIBRARY_DIR)/Frameworks";
				IPHONEOS_DEPLOYMENT_TARGET = 12.0;
				LD_RUNPATH_SEARCH_PATHS = (
					"$(inherited)",
					"@executable_path/Frameworks",
					"@loader_path/Frameworks",
				);
				PRODUCT_BUNDLE_IDENTIFIER = com.sonomos.Networking;
				PRODUCT_NAME = "$(TARGET_NAME:c99extidentifier)";
				SKIP_INSTALL = YES;
				SWIFT_VERSION = 4.2;
				TARGETED_DEVICE_FAMILY = "1,2";
				VERSIONING_SYSTEM = "apple-generic";
				VERSION_INFO_PREFIX = "";
			};
			name = Release;
		};
		AFD1FF9021A8671300D2894F /* Debug */ = {
			isa = XCBuildConfiguration;
			buildSettings = {
				ALWAYS_EMBED_SWIFT_STANDARD_LIBRARIES = YES;
				CLANG_ENABLE_MODULES = YES;
				CODE_SIGN_STYLE = Automatic;
				DEVELOPMENT_TEAM = MNZD883YQL;
				INFOPLIST_FILE = NetworkingTests/Info.plist;
				LD_RUNPATH_SEARCH_PATHS = (
					"$(inherited)",
					"@executable_path/Frameworks",
					"@loader_path/Frameworks",
				);
				PRODUCT_BUNDLE_IDENTIFIER = com.sonomos.NetworkingTests;
				PRODUCT_NAME = "$(TARGET_NAME)";
				SWIFT_OPTIMIZATION_LEVEL = "-Onone";
				SWIFT_VERSION = 4.2;
				TARGETED_DEVICE_FAMILY = "1,2";
				TEST_HOST = "$(BUILT_PRODUCTS_DIR)/InTune.app/InTune";
			};
			name = Debug;
		};
		AFD1FF9121A8671300D2894F /* Release */ = {
			isa = XCBuildConfiguration;
			buildSettings = {
				ALWAYS_EMBED_SWIFT_STANDARD_LIBRARIES = YES;
				CLANG_ENABLE_MODULES = YES;
				CODE_SIGN_STYLE = Automatic;
				DEVELOPMENT_TEAM = MNZD883YQL;
				INFOPLIST_FILE = NetworkingTests/Info.plist;
				LD_RUNPATH_SEARCH_PATHS = (
					"$(inherited)",
					"@executable_path/Frameworks",
					"@loader_path/Frameworks",
				);
				PRODUCT_BUNDLE_IDENTIFIER = com.sonomos.NetworkingTests;
				PRODUCT_NAME = "$(TARGET_NAME)";
				SWIFT_VERSION = 4.2;
				TARGETED_DEVICE_FAMILY = "1,2";
				TEST_HOST = "$(BUILT_PRODUCTS_DIR)/InTune.app/InTune";
			};
			name = Release;
		};
/* End XCBuildConfiguration section */

/* Begin XCConfigurationList section */
		AFD1FEBD21A6CE7400D2894F /* Build configuration list for PBXProject "InTune" */ = {
			isa = XCConfigurationList;
			buildConfigurations = (
				AFD1FEE821A6CE7700D2894F /* Debug */,
				AFD1FEE921A6CE7700D2894F /* Release */,
			);
			defaultConfigurationIsVisible = 0;
			defaultConfigurationName = Release;
		};
		AFD1FEEA21A6CE7700D2894F /* Build configuration list for PBXNativeTarget "InTune" */ = {
			isa = XCConfigurationList;
			buildConfigurations = (
				AFD1FEEB21A6CE7700D2894F /* Debug */,
				AFD1FEEC21A6CE7700D2894F /* Release */,
			);
			defaultConfigurationIsVisible = 0;
			defaultConfigurationName = Release;
		};
		AFD1FEED21A6CE7700D2894F /* Build configuration list for PBXNativeTarget "InTuneTests" */ = {
			isa = XCConfigurationList;
			buildConfigurations = (
				AFD1FEEE21A6CE7700D2894F /* Debug */,
				AFD1FEEF21A6CE7700D2894F /* Release */,
			);
			defaultConfigurationIsVisible = 0;
			defaultConfigurationName = Release;
		};
		AFD1FEF021A6CE7700D2894F /* Build configuration list for PBXNativeTarget "InTuneUITests" */ = {
			isa = XCConfigurationList;
			buildConfigurations = (
				AFD1FEF121A6CE7700D2894F /* Debug */,
				AFD1FEF221A6CE7700D2894F /* Release */,
			);
			defaultConfigurationIsVisible = 0;
			defaultConfigurationName = Release;
		};
		AFD1FF8C21A8671300D2894F /* Build configuration list for PBXNativeTarget "Networking" */ = {
			isa = XCConfigurationList;
			buildConfigurations = (
				AFD1FF8D21A8671300D2894F /* Debug */,
				AFD1FF8E21A8671300D2894F /* Release */,
			);
			defaultConfigurationIsVisible = 0;
			defaultConfigurationName = Release;
		};
		AFD1FF8F21A8671300D2894F /* Build configuration list for PBXNativeTarget "NetworkingTests" */ = {
			isa = XCConfigurationList;
			buildConfigurations = (
				AFD1FF9021A8671300D2894F /* Debug */,
				AFD1FF9121A8671300D2894F /* Release */,
			);
			defaultConfigurationIsVisible = 0;
			defaultConfigurationName = Release;
		};
/* End XCConfigurationList section */
	};
	rootObject = AFD1FEBA21A6CE7400D2894F /* Project object */;
}
