// !$*UTF8*$!
{
	archiveVersion = 1;
	classes = {
	};
	objectVersion = 50;
	objects = {

/* Begin PBXBuildFile section */
		25EDE2F7700C844F6A3F7DA1 /* Pods_InTuneTests.framework in Frameworks */ = {isa = PBXBuildFile; fileRef = 5C7455699D1A2AC12AFC8AFB /* Pods_InTuneTests.framework */; };
		90A688FB600B13D45538BBD9 /* Pods_NetworkingTests.framework in Frameworks */ = {isa = PBXBuildFile; fileRef = 40BEA9DD20041FF6B39B66D6 /* Pods_NetworkingTests.framework */; };
		AFD1000021ADA14A00D2894F /* AVFoundation.framework in Frameworks */ = {isa = PBXBuildFile; fileRef = AFD1FFFF21ADA14A00D2894F /* AVFoundation.framework */; };
		AFD1FEC621A6CE7400D2894F /* AppDelegate.swift in Sources */ = {isa = PBXBuildFile; fileRef = AFD1FEC521A6CE7400D2894F /* AppDelegate.swift */; };
		AFD1FEC821A6CE7400D2894F /* SearchViewController.swift in Sources */ = {isa = PBXBuildFile; fileRef = AFD1FEC721A6CE7400D2894F /* SearchViewController.swift */; };
		AFD1FECB21A6CE7400D2894F /* Search.storyboard in Resources */ = {isa = PBXBuildFile; fileRef = AFD1FEC921A6CE7400D2894F /* Search.storyboard */; };
		AFD1FECD21A6CE7700D2894F /* Assets.xcassets in Resources */ = {isa = PBXBuildFile; fileRef = AFD1FECC21A6CE7700D2894F /* Assets.xcassets */; };
		AFD1FED021A6CE7700D2894F /* LaunchScreen.storyboard in Resources */ = {isa = PBXBuildFile; fileRef = AFD1FECE21A6CE7700D2894F /* LaunchScreen.storyboard */; };
		AFD1FEE621A6CE7700D2894F /* InTuneUITests.swift in Sources */ = {isa = PBXBuildFile; fileRef = AFD1FEE521A6CE7700D2894F /* InTuneUITests.swift */; };
		AFD1FEF621A6E2E900D2894F /* Constants.swift in Sources */ = {isa = PBXBuildFile; fileRef = AFD1FEF521A6E2E900D2894F /* Constants.swift */; };
		AFD1FEF821A6F38300D2894F /* AppController.swift in Sources */ = {isa = PBXBuildFile; fileRef = AFD1FEF721A6F38300D2894F /* AppController.swift */; };
		AFD1FEFA21A6F39600D2894F /* AppData.swift in Sources */ = {isa = PBXBuildFile; fileRef = AFD1FEF921A6F39600D2894F /* AppData.swift */; };
		AFD1FEFC21A6F3A800D2894F /* DataProvider.swift in Sources */ = {isa = PBXBuildFile; fileRef = AFD1FEFB21A6F3A800D2894F /* DataProvider.swift */; };
		AFD1FEFE21A803F300D2894F /* Default-568h@2x.png in Resources */ = {isa = PBXBuildFile; fileRef = AFD1FEFD21A803F300D2894F /* Default-568h@2x.png */; };
		AFD1FF0021A8047600D2894F /* Coordinator.swift in Sources */ = {isa = PBXBuildFile; fileRef = AFD1FEFF21A8047600D2894F /* Coordinator.swift */; };
		AFD1FF3E21A8253600D2894F /* ServerResponse.swift in Sources */ = {isa = PBXBuildFile; fileRef = AFD1FF3D21A8253600D2894F /* ServerResponse.swift */; };
		AFD1FF4421A8266500D2894F /* MockData.swift in Sources */ = {isa = PBXBuildFile; fileRef = AFD1FF4321A8266500D2894F /* MockData.swift */; };
		AFD1FF5821A8490600D2894F /* SearchiTunesServiceTests.swift in Sources */ = {isa = PBXBuildFile; fileRef = AFD1FF5721A8490600D2894F /* SearchiTunesServiceTests.swift */; };
		AFD1FF5A21A84C8400D2894F /* MockNetworkService.swift in Sources */ = {isa = PBXBuildFile; fileRef = AFD1FF5921A84C8300D2894F /* MockNetworkService.swift */; };
		AFD1FF5C21A84C8F00D2894F /* simpleServerResponse.json in Resources */ = {isa = PBXBuildFile; fileRef = AFD1FF4721A827DC00D2894F /* simpleServerResponse.json */; };
		AFD1FF5D21A84C9200D2894F /* serverResponse.json in Resources */ = {isa = PBXBuildFile; fileRef = AFD1FF4521A826EF00D2894F /* serverResponse.json */; };
		AFD1FF5F21A85CE200D2894F /* SearchWireframe.swift in Sources */ = {isa = PBXBuildFile; fileRef = AFD1FF5E21A85CE200D2894F /* SearchWireframe.swift */; };
		AFD1FF6121A85D8700D2894F /* CoordinatorTests.swift in Sources */ = {isa = PBXBuildFile; fileRef = AFD1FF6021A85D8700D2894F /* CoordinatorTests.swift */; };
		AFD1FF7E21A8671300D2894F /* Networking.framework in Frameworks */ = {isa = PBXBuildFile; fileRef = AFD1FF7521A8671300D2894F /* Networking.framework */; };
		AFD1FF8721A8671300D2894F /* Networking.h in Headers */ = {isa = PBXBuildFile; fileRef = AFD1FF7721A8671300D2894F /* Networking.h */; settings = {ATTRIBUTES = (Public, ); }; };
		AFD1FF8A21A8671300D2894F /* Networking.framework in Frameworks */ = {isa = PBXBuildFile; fileRef = AFD1FF7521A8671300D2894F /* Networking.framework */; };
		AFD1FF8B21A8671300D2894F /* Networking.framework in Embed Frameworks */ = {isa = PBXBuildFile; fileRef = AFD1FF7521A8671300D2894F /* Networking.framework */; settings = {ATTRIBUTES = (CodeSignOnCopy, RemoveHeadersOnCopy, ); }; };
		AFD1FF9A21A8674800D2894F /* FormUrlParameterEncoder.swift in Sources */ = {isa = PBXBuildFile; fileRef = AFD1FF9321A8674600D2894F /* FormUrlParameterEncoder.swift */; };
		AFD1FF9B21A8674800D2894F /* ParameterEncoder.swift in Sources */ = {isa = PBXBuildFile; fileRef = AFD1FF9421A8674600D2894F /* ParameterEncoder.swift */; };
		AFD1FF9C21A8674800D2894F /* URLParameterEncoder.swift in Sources */ = {isa = PBXBuildFile; fileRef = AFD1FF9521A8674600D2894F /* URLParameterEncoder.swift */; };
		AFD1FF9D21A8674800D2894F /* JSONParameterEncoder.swift in Sources */ = {isa = PBXBuildFile; fileRef = AFD1FF9621A8674600D2894F /* JSONParameterEncoder.swift */; };
		AFD1FF9E21A8674800D2894F /* Router.swift in Sources */ = {isa = PBXBuildFile; fileRef = AFD1FF9721A8674700D2894F /* Router.swift */; };
		AFD1FF9F21A8674800D2894F /* EndPoint.swift in Sources */ = {isa = PBXBuildFile; fileRef = AFD1FF9821A8674700D2894F /* EndPoint.swift */; };
		AFD1FFA021A8674800D2894F /* Networking.swift in Sources */ = {isa = PBXBuildFile; fileRef = AFD1FF9921A8674700D2894F /* Networking.swift */; };
		AFD1FFA621A868B200D2894F /* SearchiTunesService.swift in Sources */ = {isa = PBXBuildFile; fileRef = AFD1FFA221A868B100D2894F /* SearchiTunesService.swift */; };
		AFD1FFA721A868B200D2894F /* iTunesAPI.swift in Sources */ = {isa = PBXBuildFile; fileRef = AFD1FFA321A868B100D2894F /* iTunesAPI.swift */; };
		AFD1FFA821A868B200D2894F /* NetworkService.swift in Sources */ = {isa = PBXBuildFile; fileRef = AFD1FFA421A868B100D2894F /* NetworkService.swift */; };
		AFD1FFA921A868B200D2894F /* ServiceProvider.swift in Sources */ = {isa = PBXBuildFile; fileRef = AFD1FFA521A868B100D2894F /* ServiceProvider.swift */; };
		AFD1FFAA21A86E2700D2894F /* noResultsServerResponse.json in Resources */ = {isa = PBXBuildFile; fileRef = AFD1FF4A21A8284700D2894F /* noResultsServerResponse.json */; };
		AFD1FFAB21A86E2A00D2894F /* simpleServerResponse.json in Resources */ = {isa = PBXBuildFile; fileRef = AFD1FF4721A827DC00D2894F /* simpleServerResponse.json */; };
		AFD1FFAC21A86E2F00D2894F /* serverResponse.json in Resources */ = {isa = PBXBuildFile; fileRef = AFD1FF4521A826EF00D2894F /* serverResponse.json */; };
		AFD1FFAD21A86E3200D2894F /* noResultsServerResponse.json in Resources */ = {isa = PBXBuildFile; fileRef = AFD1FF4A21A8284700D2894F /* noResultsServerResponse.json */; };
		AFD1FFAF21A8704800D2894F /* DataProviderTests.swift in Sources */ = {isa = PBXBuildFile; fileRef = AFD1FFAE21A8704800D2894F /* DataProviderTests.swift */; };
		AFD1FFB121A874E600D2894F /* URLParameterEncodingTests.swift in Sources */ = {isa = PBXBuildFile; fileRef = AFD1FFB021A874E600D2894F /* URLParameterEncodingTests.swift */; };
		AFD1FFB321A874FB00D2894F /* FormUrlEncoderTests.swift in Sources */ = {isa = PBXBuildFile; fileRef = AFD1FFB221A874FB00D2894F /* FormUrlEncoderTests.swift */; };
		AFD1FFB521A87BAB00D2894F /* AppControllerTests.swift in Sources */ = {isa = PBXBuildFile; fileRef = AFD1FFB421A87BAB00D2894F /* AppControllerTests.swift */; };
		AFD1FFB721A888EA00D2894F /* DataLoaded.swift in Sources */ = {isa = PBXBuildFile; fileRef = AFD1FFB621A888EA00D2894F /* DataLoaded.swift */; };
		AFD1FFBF21A9935600D2894F /* invalidDateResponse.json in Resources */ = {isa = PBXBuildFile; fileRef = AFD1FFBD21A987FE00D2894F /* invalidDateResponse.json */; };
		AFD1FFC121A9D5E600D2894F /* SearchPresenter.swift in Sources */ = {isa = PBXBuildFile; fileRef = AFD1FFC021A9D5E600D2894F /* SearchPresenter.swift */; };
		AFD1FFC321AA10F900D2894F /* SearchDataProvider.swift in Sources */ = {isa = PBXBuildFile; fileRef = AFD1FFC221AA10F900D2894F /* SearchDataProvider.swift */; };
		AFD1FFC521AA156400D2894F /* SearchAction.swift in Sources */ = {isa = PBXBuildFile; fileRef = AFD1FFC421AA156400D2894F /* SearchAction.swift */; };
		AFD1FFC821AB471900D2894F /* ResultTableViewCell.swift in Sources */ = {isa = PBXBuildFile; fileRef = AFD1FFC621AB471900D2894F /* ResultTableViewCell.swift */; };
		AFD1FFC921AB471900D2894F /* ResultTableViewCell.xib in Resources */ = {isa = PBXBuildFile; fileRef = AFD1FFC721AB471900D2894F /* ResultTableViewCell.xib */; };
		AFD1FFCB21AB5AB100D2894F /* SearchResult.swift in Sources */ = {isa = PBXBuildFile; fileRef = AFD1FFCA21AB5AB100D2894F /* SearchResult.swift */; };
		AFD1FFCE21AB5EAB00D2894F /* ResultParser.swift in Sources */ = {isa = PBXBuildFile; fileRef = AFD1FFCD21AB5EAB00D2894F /* ResultParser.swift */; };
		AFD1FFD121ABF1EA00D2894F /* DateFormatter.swift in Sources */ = {isa = PBXBuildFile; fileRef = AFD1FFD021ABF1EA00D2894F /* DateFormatter.swift */; };
		AFD1FFD321ABF4A800D2894F /* ResultParserTests.swift in Sources */ = {isa = PBXBuildFile; fileRef = AFD1FFD221ABF4A800D2894F /* ResultParserTests.swift */; };
		AFD1FFD521AC0F9F00D2894F /* TimeFormatterTests.swift in Sources */ = {isa = PBXBuildFile; fileRef = AFD1FFD421AC0F9F00D2894F /* TimeFormatterTests.swift */; };
		AFD1FFD721AC10AE00D2894F /* TimeFormatter.swift in Sources */ = {isa = PBXBuildFile; fileRef = AFD1FFD621AC10AE00D2894F /* TimeFormatter.swift */; };
		AFD1FFD921AC64B200D2894F /* UIView+Extension.swift in Sources */ = {isa = PBXBuildFile; fileRef = AFD1FFD821AC64B200D2894F /* UIView+Extension.swift */; };
		AFD1FFDB21AC651800D2894F /* UITableViewCell+Extension.swift in Sources */ = {isa = PBXBuildFile; fileRef = AFD1FFDA21AC651800D2894F /* UITableViewCell+Extension.swift */; };
		AFD1FFDD21AC688E00D2894F /* SearchDataSource.swift in Sources */ = {isa = PBXBuildFile; fileRef = AFD1FFDC21AC688E00D2894F /* SearchDataSource.swift */; };
		AFD1FFDF21AC6B4300D2894F /* SearchWireframeTests.swift in Sources */ = {isa = PBXBuildFile; fileRef = AFD1FFDE21AC6B4300D2894F /* SearchWireframeTests.swift */; };
		AFD1FFE521ACABAC00D2894F /* Loadable.swift in Sources */ = {isa = PBXBuildFile; fileRef = AFD1FFE421ACABAC00D2894F /* Loadable.swift */; };
		AFD1FFE721AD464100D2894F /* SongDetailWireframe.swift in Sources */ = {isa = PBXBuildFile; fileRef = AFD1FFE621AD464100D2894F /* SongDetailWireframe.swift */; };
		AFD1FFE921AD482000D2894F /* SongDetail.storyboard in Resources */ = {isa = PBXBuildFile; fileRef = AFD1FFE821AD482000D2894F /* SongDetail.storyboard */; };
		AFD1FFEB21AD486D00D2894F /* SongDetailViewController.swift in Sources */ = {isa = PBXBuildFile; fileRef = AFD1FFEA21AD486D00D2894F /* SongDetailViewController.swift */; };
		AFD1FFED21AD48A900D2894F /* SongDetailPresenter.swift in Sources */ = {isa = PBXBuildFile; fileRef = AFD1FFEC21AD48A900D2894F /* SongDetailPresenter.swift */; };
		AFD1FFEF21AD48F400D2894F /* SongDetailDataProvider.swift in Sources */ = {isa = PBXBuildFile; fileRef = AFD1FFEE21AD48F400D2894F /* SongDetailDataProvider.swift */; };
		AFD1FFF121AD490200D2894F /* SongDetailActions.swift in Sources */ = {isa = PBXBuildFile; fileRef = AFD1FFF021AD490200D2894F /* SongDetailActions.swift */; };
		AFD1FFF321AD4D4F00D2894F /* SongDetailWireframeTests.swift in Sources */ = {isa = PBXBuildFile; fileRef = AFD1FFF221AD4D4F00D2894F /* SongDetailWireframeTests.swift */; };
		AFD1FFF521AD697400D2894F /* SongDetailView.xib in Resources */ = {isa = PBXBuildFile; fileRef = AFD1FFF421AD697400D2894F /* SongDetailView.xib */; };
		AFD1FFF721AD6C2900D2894F /* SongDetailView.swift in Sources */ = {isa = PBXBuildFile; fileRef = AFD1FFF621AD6C2900D2894F /* SongDetailView.swift */; };
		AFD1FFFA21AD9FBF00D2894F /* PlayerService.swift in Sources */ = {isa = PBXBuildFile; fileRef = AFD1FFF921AD9FBF00D2894F /* PlayerService.swift */; };
		AFD1FFFC21AD9FE300D2894F /* MediaPlayer.swift in Sources */ = {isa = PBXBuildFile; fileRef = AFD1FFFB21AD9FE300D2894F /* MediaPlayer.swift */; };
		AFD1FFFE21ADA03700D2894F /* AVKit.framework in Frameworks */ = {isa = PBXBuildFile; fileRef = AFD1FFFD21ADA03700D2894F /* AVKit.framework */; };
		B483399F3AD8E299739B8F0B /* Pods_Networking.framework in Frameworks */ = {isa = PBXBuildFile; fileRef = CF89E08B00C765396865DE0D /* Pods_Networking.framework */; };
		BE719DA2D49198FC0FD53F64 /* Pods_InTuneUITests.framework in Frameworks */ = {isa = PBXBuildFile; fileRef = 51D48556BB2301451B481FC3 /* Pods_InTuneUITests.framework */; };
		E4BE3F949A5B670372AEB014 /* Pods_InTune.framework in Frameworks */ = {isa = PBXBuildFile; fileRef = C87B554B8921AC78E7322DC8 /* Pods_InTune.framework */; };
/* End PBXBuildFile section */

/* Begin PBXContainerItemProxy section */
		AFD1FED721A6CE7700D2894F /* PBXContainerItemProxy */ = {
			isa = PBXContainerItemProxy;
			containerPortal = AFD1FEBA21A6CE7400D2894F /* Project object */;
			proxyType = 1;
			remoteGlobalIDString = AFD1FEC121A6CE7400D2894F;
			remoteInfo = InTune;
		};
		AFD1FEE221A6CE7700D2894F /* PBXContainerItemProxy */ = {
			isa = PBXContainerItemProxy;
			containerPortal = AFD1FEBA21A6CE7400D2894F /* Project object */;
			proxyType = 1;
			remoteGlobalIDString = AFD1FEC121A6CE7400D2894F;
			remoteInfo = InTune;
		};
		AFD1FF7F21A8671300D2894F /* PBXContainerItemProxy */ = {
			isa = PBXContainerItemProxy;
			containerPortal = AFD1FEBA21A6CE7400D2894F /* Project object */;
			proxyType = 1;
			remoteGlobalIDString = AFD1FF7421A8671300D2894F;
			remoteInfo = Networking;
		};
		AFD1FF8121A8671300D2894F /* PBXContainerItemProxy */ = {
			isa = PBXContainerItemProxy;
			containerPortal = AFD1FEBA21A6CE7400D2894F /* Project object */;
			proxyType = 1;
			remoteGlobalIDString = AFD1FEC121A6CE7400D2894F;
			remoteInfo = InTune;
		};
		AFD1FF8821A8671300D2894F /* PBXContainerItemProxy */ = {
			isa = PBXContainerItemProxy;
			containerPortal = AFD1FEBA21A6CE7400D2894F /* Project object */;
			proxyType = 1;
			remoteGlobalIDString = AFD1FF7421A8671300D2894F;
			remoteInfo = Networking;
		};
/* End PBXContainerItemProxy section */

/* Begin PBXCopyFilesBuildPhase section */
		AFD1FF2521A8125000D2894F /* Embed Frameworks */ = {
			isa = PBXCopyFilesBuildPhase;
			buildActionMask = 2147483647;
			dstPath = "";
			dstSubfolderSpec = 10;
			files = (
				AFD1FF8B21A8671300D2894F /* Networking.framework in Embed Frameworks */,
			);
			name = "Embed Frameworks";
			runOnlyForDeploymentPostprocessing = 0;
		};
/* End PBXCopyFilesBuildPhase section */

/* Begin PBXFileReference section */
		02D79BD4C9BEEC0AD974D0A6 /* Pods-InTuneUITests.release.xcconfig */ = {isa = PBXFileReference; includeInIndex = 1; lastKnownFileType = text.xcconfig; name = "Pods-InTuneUITests.release.xcconfig"; path = "Pods/Target Support Files/Pods-InTuneUITests/Pods-InTuneUITests.release.xcconfig"; sourceTree = "<group>"; };
		0A39A0E84C7E0B8C84908C56 /* Pods-Networking.release.xcconfig */ = {isa = PBXFileReference; includeInIndex = 1; lastKnownFileType = text.xcconfig; name = "Pods-Networking.release.xcconfig"; path = "Pods/Target Support Files/Pods-Networking/Pods-Networking.release.xcconfig"; sourceTree = "<group>"; };
		1CC03FC266EBF20C54CB73F7 /* Pods-InTune.release.xcconfig */ = {isa = PBXFileReference; includeInIndex = 1; lastKnownFileType = text.xcconfig; name = "Pods-InTune.release.xcconfig"; path = "Pods/Target Support Files/Pods-InTune/Pods-InTune.release.xcconfig"; sourceTree = "<group>"; };
		29DDD24F5CD02E717373C051 /* Pods-InTuneTests.debug.xcconfig */ = {isa = PBXFileReference; includeInIndex = 1; lastKnownFileType = text.xcconfig; name = "Pods-InTuneTests.debug.xcconfig"; path = "Pods/Target Support Files/Pods-InTuneTests/Pods-InTuneTests.debug.xcconfig"; sourceTree = "<group>"; };
		40BEA9DD20041FF6B39B66D6 /* Pods_NetworkingTests.framework */ = {isa = PBXFileReference; explicitFileType = wrapper.framework; includeInIndex = 0; path = Pods_NetworkingTests.framework; sourceTree = BUILT_PRODUCTS_DIR; };
		51D48556BB2301451B481FC3 /* Pods_InTuneUITests.framework */ = {isa = PBXFileReference; explicitFileType = wrapper.framework; includeInIndex = 0; path = Pods_InTuneUITests.framework; sourceTree = BUILT_PRODUCTS_DIR; };
		5C7455699D1A2AC12AFC8AFB /* Pods_InTuneTests.framework */ = {isa = PBXFileReference; explicitFileType = wrapper.framework; includeInIndex = 0; path = Pods_InTuneTests.framework; sourceTree = BUILT_PRODUCTS_DIR; };
		6002D40DD2C28EF4F0072587 /* Pods-InTune.debug.xcconfig */ = {isa = PBXFileReference; includeInIndex = 1; lastKnownFileType = text.xcconfig; name = "Pods-InTune.debug.xcconfig"; path = "Pods/Target Support Files/Pods-InTune/Pods-InTune.debug.xcconfig"; sourceTree = "<group>"; };
		7229487BD583790C8021951F /* Pods-InTuneTests.release.xcconfig */ = {isa = PBXFileReference; includeInIndex = 1; lastKnownFileType = text.xcconfig; name = "Pods-InTuneTests.release.xcconfig"; path = "Pods/Target Support Files/Pods-InTuneTests/Pods-InTuneTests.release.xcconfig"; sourceTree = "<group>"; };
		87DBF212A45B9C77C9246E84 /* Pods-NetworkingTests.release.xcconfig */ = {isa = PBXFileReference; includeInIndex = 1; lastKnownFileType = text.xcconfig; name = "Pods-NetworkingTests.release.xcconfig"; path = "Pods/Target Support Files/Pods-NetworkingTests/Pods-NetworkingTests.release.xcconfig"; sourceTree = "<group>"; };
		895D4BE0FD5C2656055DB11A /* Pods-NetworkingTests.debug.xcconfig */ = {isa = PBXFileReference; includeInIndex = 1; lastKnownFileType = text.xcconfig; name = "Pods-NetworkingTests.debug.xcconfig"; path = "Pods/Target Support Files/Pods-NetworkingTests/Pods-NetworkingTests.debug.xcconfig"; sourceTree = "<group>"; };
		9EACBB391B286CA5CF1436BB /* Pods-InTuneUITests.debug.xcconfig */ = {isa = PBXFileReference; includeInIndex = 1; lastKnownFileType = text.xcconfig; name = "Pods-InTuneUITests.debug.xcconfig"; path = "Pods/Target Support Files/Pods-InTuneUITests/Pods-InTuneUITests.debug.xcconfig"; sourceTree = "<group>"; };
		A91C5F5DB97EE765EA898C9A /* Pods-Networking.debug.xcconfig */ = {isa = PBXFileReference; includeInIndex = 1; lastKnownFileType = text.xcconfig; name = "Pods-Networking.debug.xcconfig"; path = "Pods/Target Support Files/Pods-Networking/Pods-Networking.debug.xcconfig"; sourceTree = "<group>"; };
		AFD1FEC221A6CE7400D2894F /* InTune.app */ = {isa = PBXFileReference; explicitFileType = wrapper.application; includeInIndex = 0; path = InTune.app; sourceTree = BUILT_PRODUCTS_DIR; };
		AFD1FEC521A6CE7400D2894F /* AppDelegate.swift */ = {isa = PBXFileReference; lastKnownFileType = sourcecode.swift; path = AppDelegate.swift; sourceTree = "<group>"; };
		AFD1FEC721A6CE7400D2894F /* SearchViewController.swift */ = {isa = PBXFileReference; lastKnownFileType = sourcecode.swift; path = SearchViewController.swift; sourceTree = "<group>"; };
		AFD1FECA21A6CE7400D2894F /* Base */ = {isa = PBXFileReference; lastKnownFileType = file.storyboard; name = Base; path = Base.lproj/Search.storyboard; sourceTree = "<group>"; };
		AFD1FECC21A6CE7700D2894F /* Assets.xcassets */ = {isa = PBXFileReference; lastKnownFileType = folder.assetcatalog; path = Assets.xcassets; sourceTree = "<group>"; };
		AFD1FECF21A6CE7700D2894F /* Base */ = {isa = PBXFileReference; lastKnownFileType = file.storyboard; name = Base; path = Base.lproj/LaunchScreen.storyboard; sourceTree = "<group>"; };
		AFD1FED121A6CE7700D2894F /* Info.plist */ = {isa = PBXFileReference; lastKnownFileType = text.plist.xml; path = Info.plist; sourceTree = "<group>"; };
		AFD1FED621A6CE7700D2894F /* InTuneTests.xctest */ = {isa = PBXFileReference; explicitFileType = wrapper.cfbundle; includeInIndex = 0; path = InTuneTests.xctest; sourceTree = BUILT_PRODUCTS_DIR; };
		AFD1FEDC21A6CE7700D2894F /* Info.plist */ = {isa = PBXFileReference; lastKnownFileType = text.plist.xml; path = Info.plist; sourceTree = "<group>"; };
		AFD1FEE121A6CE7700D2894F /* InTuneUITests.xctest */ = {isa = PBXFileReference; explicitFileType = wrapper.cfbundle; includeInIndex = 0; path = InTuneUITests.xctest; sourceTree = BUILT_PRODUCTS_DIR; };
		AFD1FEE521A6CE7700D2894F /* InTuneUITests.swift */ = {isa = PBXFileReference; lastKnownFileType = sourcecode.swift; path = InTuneUITests.swift; sourceTree = "<group>"; };
		AFD1FEE721A6CE7700D2894F /* Info.plist */ = {isa = PBXFileReference; lastKnownFileType = text.plist.xml; path = Info.plist; sourceTree = "<group>"; };
		AFD1FEF521A6E2E900D2894F /* Constants.swift */ = {isa = PBXFileReference; lastKnownFileType = sourcecode.swift; path = Constants.swift; sourceTree = "<group>"; };
		AFD1FEF721A6F38300D2894F /* AppController.swift */ = {isa = PBXFileReference; lastKnownFileType = sourcecode.swift; path = AppController.swift; sourceTree = "<group>"; };
		AFD1FEF921A6F39600D2894F /* AppData.swift */ = {isa = PBXFileReference; lastKnownFileType = sourcecode.swift; path = AppData.swift; sourceTree = "<group>"; };
		AFD1FEFB21A6F3A800D2894F /* DataProvider.swift */ = {isa = PBXFileReference; lastKnownFileType = sourcecode.swift; path = DataProvider.swift; sourceTree = "<group>"; };
		AFD1FEFD21A803F300D2894F /* Default-568h@2x.png */ = {isa = PBXFileReference; lastKnownFileType = image.png; path = "Default-568h@2x.png"; sourceTree = "<group>"; };
		AFD1FEFF21A8047600D2894F /* Coordinator.swift */ = {isa = PBXFileReference; lastKnownFileType = sourcecode.swift; path = Coordinator.swift; sourceTree = "<group>"; };
		AFD1FF3D21A8253600D2894F /* ServerResponse.swift */ = {isa = PBXFileReference; lastKnownFileType = sourcecode.swift; path = ServerResponse.swift; sourceTree = "<group>"; };
		AFD1FF4321A8266500D2894F /* MockData.swift */ = {isa = PBXFileReference; fileEncoding = 4; lastKnownFileType = sourcecode.swift; path = MockData.swift; sourceTree = "<group>"; };
		AFD1FF4521A826EF00D2894F /* serverResponse.json */ = {isa = PBXFileReference; fileEncoding = 4; lastKnownFileType = text.json; path = serverResponse.json; sourceTree = "<group>"; };
		AFD1FF4721A827DC00D2894F /* simpleServerResponse.json */ = {isa = PBXFileReference; fileEncoding = 4; lastKnownFileType = text.json; path = simpleServerResponse.json; sourceTree = "<group>"; };
		AFD1FF4A21A8284700D2894F /* noResultsServerResponse.json */ = {isa = PBXFileReference; fileEncoding = 4; lastKnownFileType = text.json; path = noResultsServerResponse.json; sourceTree = "<group>"; };
		AFD1FF5721A8490600D2894F /* SearchiTunesServiceTests.swift */ = {isa = PBXFileReference; lastKnownFileType = sourcecode.swift; path = SearchiTunesServiceTests.swift; sourceTree = "<group>"; };
		AFD1FF5921A84C8300D2894F /* MockNetworkService.swift */ = {isa = PBXFileReference; fileEncoding = 4; lastKnownFileType = sourcecode.swift; path = MockNetworkService.swift; sourceTree = "<group>"; };
		AFD1FF5E21A85CE200D2894F /* SearchWireframe.swift */ = {isa = PBXFileReference; lastKnownFileType = sourcecode.swift; path = SearchWireframe.swift; sourceTree = "<group>"; };
		AFD1FF6021A85D8700D2894F /* CoordinatorTests.swift */ = {isa = PBXFileReference; lastKnownFileType = sourcecode.swift; path = CoordinatorTests.swift; sourceTree = "<group>"; };
		AFD1FF7521A8671300D2894F /* Networking.framework */ = {isa = PBXFileReference; explicitFileType = wrapper.framework; includeInIndex = 0; path = Networking.framework; sourceTree = BUILT_PRODUCTS_DIR; };
		AFD1FF7721A8671300D2894F /* Networking.h */ = {isa = PBXFileReference; lastKnownFileType = sourcecode.c.h; path = Networking.h; sourceTree = "<group>"; };
		AFD1FF7821A8671300D2894F /* Info.plist */ = {isa = PBXFileReference; lastKnownFileType = text.plist.xml; path = Info.plist; sourceTree = "<group>"; };
		AFD1FF7D21A8671300D2894F /* NetworkingTests.xctest */ = {isa = PBXFileReference; explicitFileType = wrapper.cfbundle; includeInIndex = 0; path = NetworkingTests.xctest; sourceTree = BUILT_PRODUCTS_DIR; };
		AFD1FF8621A8671300D2894F /* Info.plist */ = {isa = PBXFileReference; lastKnownFileType = text.plist.xml; path = Info.plist; sourceTree = "<group>"; };
		AFD1FF9321A8674600D2894F /* FormUrlParameterEncoder.swift */ = {isa = PBXFileReference; fileEncoding = 4; lastKnownFileType = sourcecode.swift; path = FormUrlParameterEncoder.swift; sourceTree = "<group>"; };
		AFD1FF9421A8674600D2894F /* ParameterEncoder.swift */ = {isa = PBXFileReference; fileEncoding = 4; lastKnownFileType = sourcecode.swift; path = ParameterEncoder.swift; sourceTree = "<group>"; };
		AFD1FF9521A8674600D2894F /* URLParameterEncoder.swift */ = {isa = PBXFileReference; fileEncoding = 4; lastKnownFileType = sourcecode.swift; path = URLParameterEncoder.swift; sourceTree = "<group>"; };
		AFD1FF9621A8674600D2894F /* JSONParameterEncoder.swift */ = {isa = PBXFileReference; fileEncoding = 4; lastKnownFileType = sourcecode.swift; path = JSONParameterEncoder.swift; sourceTree = "<group>"; };
		AFD1FF9721A8674700D2894F /* Router.swift */ = {isa = PBXFileReference; fileEncoding = 4; lastKnownFileType = sourcecode.swift; path = Router.swift; sourceTree = "<group>"; };
		AFD1FF9821A8674700D2894F /* EndPoint.swift */ = {isa = PBXFileReference; fileEncoding = 4; lastKnownFileType = sourcecode.swift; path = EndPoint.swift; sourceTree = "<group>"; };
		AFD1FF9921A8674700D2894F /* Networking.swift */ = {isa = PBXFileReference; fileEncoding = 4; lastKnownFileType = sourcecode.swift; path = Networking.swift; sourceTree = "<group>"; };
		AFD1FFA221A868B100D2894F /* SearchiTunesService.swift */ = {isa = PBXFileReference; fileEncoding = 4; lastKnownFileType = sourcecode.swift; name = SearchiTunesService.swift; path = Networking/SearchiTunesService.swift; sourceTree = "<group>"; };
		AFD1FFA321A868B100D2894F /* iTunesAPI.swift */ = {isa = PBXFileReference; fileEncoding = 4; lastKnownFileType = sourcecode.swift; name = iTunesAPI.swift; path = Networking/iTunesAPI.swift; sourceTree = "<group>"; };
		AFD1FFA421A868B100D2894F /* NetworkService.swift */ = {isa = PBXFileReference; fileEncoding = 4; lastKnownFileType = sourcecode.swift; name = NetworkService.swift; path = Networking/NetworkService.swift; sourceTree = "<group>"; };
		AFD1FFA521A868B100D2894F /* ServiceProvider.swift */ = {isa = PBXFileReference; fileEncoding = 4; lastKnownFileType = sourcecode.swift; name = ServiceProvider.swift; path = Networking/ServiceProvider.swift; sourceTree = "<group>"; };
		AFD1FFAE21A8704800D2894F /* DataProviderTests.swift */ = {isa = PBXFileReference; lastKnownFileType = sourcecode.swift; path = DataProviderTests.swift; sourceTree = "<group>"; };
		AFD1FFB021A874E600D2894F /* URLParameterEncodingTests.swift */ = {isa = PBXFileReference; fileEncoding = 4; lastKnownFileType = sourcecode.swift; path = URLParameterEncodingTests.swift; sourceTree = "<group>"; };
		AFD1FFB221A874FB00D2894F /* FormUrlEncoderTests.swift */ = {isa = PBXFileReference; fileEncoding = 4; lastKnownFileType = sourcecode.swift; path = FormUrlEncoderTests.swift; sourceTree = "<group>"; };
		AFD1FFB421A87BAB00D2894F /* AppControllerTests.swift */ = {isa = PBXFileReference; lastKnownFileType = sourcecode.swift; path = AppControllerTests.swift; sourceTree = "<group>"; };
		AFD1FFB621A888EA00D2894F /* DataLoaded.swift */ = {isa = PBXFileReference; fileEncoding = 4; lastKnownFileType = sourcecode.swift; path = DataLoaded.swift; sourceTree = "<group>"; };
		AFD1FFBD21A987FE00D2894F /* invalidDateResponse.json */ = {isa = PBXFileReference; lastKnownFileType = text.json; path = invalidDateResponse.json; sourceTree = "<group>"; };
		AFD1FFC021A9D5E600D2894F /* SearchPresenter.swift */ = {isa = PBXFileReference; lastKnownFileType = sourcecode.swift; path = SearchPresenter.swift; sourceTree = "<group>"; };
		AFD1FFC221AA10F900D2894F /* SearchDataProvider.swift */ = {isa = PBXFileReference; lastKnownFileType = sourcecode.swift; path = SearchDataProvider.swift; sourceTree = "<group>"; };
		AFD1FFC421AA156400D2894F /* SearchAction.swift */ = {isa = PBXFileReference; lastKnownFileType = sourcecode.swift; path = SearchAction.swift; sourceTree = "<group>"; };
		AFD1FFC621AB471900D2894F /* ResultTableViewCell.swift */ = {isa = PBXFileReference; lastKnownFileType = sourcecode.swift; path = ResultTableViewCell.swift; sourceTree = "<group>"; };
		AFD1FFC721AB471900D2894F /* ResultTableViewCell.xib */ = {isa = PBXFileReference; lastKnownFileType = file.xib; path = ResultTableViewCell.xib; sourceTree = "<group>"; };
		AFD1FFCA21AB5AB100D2894F /* SearchResult.swift */ = {isa = PBXFileReference; lastKnownFileType = sourcecode.swift; path = SearchResult.swift; sourceTree = "<group>"; };
		AFD1FFCD21AB5EAB00D2894F /* ResultParser.swift */ = {isa = PBXFileReference; lastKnownFileType = sourcecode.swift; path = ResultParser.swift; sourceTree = "<group>"; };
		AFD1FFD021ABF1EA00D2894F /* DateFormatter.swift */ = {isa = PBXFileReference; lastKnownFileType = sourcecode.swift; path = DateFormatter.swift; sourceTree = "<group>"; };
		AFD1FFD221ABF4A800D2894F /* ResultParserTests.swift */ = {isa = PBXFileReference; lastKnownFileType = sourcecode.swift; path = ResultParserTests.swift; sourceTree = "<group>"; };
		AFD1FFD421AC0F9F00D2894F /* TimeFormatterTests.swift */ = {isa = PBXFileReference; lastKnownFileType = sourcecode.swift; path = TimeFormatterTests.swift; sourceTree = "<group>"; };
		AFD1FFD621AC10AE00D2894F /* TimeFormatter.swift */ = {isa = PBXFileReference; lastKnownFileType = sourcecode.swift; path = TimeFormatter.swift; sourceTree = "<group>"; };
		AFD1FFD821AC64B200D2894F /* UIView+Extension.swift */ = {isa = PBXFileReference; lastKnownFileType = sourcecode.swift; path = "UIView+Extension.swift"; sourceTree = "<group>"; };
		AFD1FFDA21AC651800D2894F /* UITableViewCell+Extension.swift */ = {isa = PBXFileReference; lastKnownFileType = sourcecode.swift; path = "UITableViewCell+Extension.swift"; sourceTree = "<group>"; };
		AFD1FFDC21AC688E00D2894F /* SearchDataSource.swift */ = {isa = PBXFileReference; lastKnownFileType = sourcecode.swift; path = SearchDataSource.swift; sourceTree = "<group>"; };
		AFD1FFDE21AC6B4300D2894F /* SearchWireframeTests.swift */ = {isa = PBXFileReference; lastKnownFileType = sourcecode.swift; path = SearchWireframeTests.swift; sourceTree = "<group>"; };
		AFD1FFE421ACABAC00D2894F /* Loadable.swift */ = {isa = PBXFileReference; lastKnownFileType = sourcecode.swift; path = Loadable.swift; sourceTree = "<group>"; };
		AFD1FFE621AD464100D2894F /* SongDetailWireframe.swift */ = {isa = PBXFileReference; lastKnownFileType = sourcecode.swift; path = SongDetailWireframe.swift; sourceTree = "<group>"; };
		AFD1FFE821AD482000D2894F /* SongDetail.storyboard */ = {isa = PBXFileReference; lastKnownFileType = file.storyboard; path = SongDetail.storyboard; sourceTree = "<group>"; };
		AFD1FFEA21AD486D00D2894F /* SongDetailViewController.swift */ = {isa = PBXFileReference; lastKnownFileType = sourcecode.swift; path = SongDetailViewController.swift; sourceTree = "<group>"; };
		AFD1FFEC21AD48A900D2894F /* SongDetailPresenter.swift */ = {isa = PBXFileReference; lastKnownFileType = sourcecode.swift; path = SongDetailPresenter.swift; sourceTree = "<group>"; };
		AFD1FFEE21AD48F400D2894F /* SongDetailDataProvider.swift */ = {isa = PBXFileReference; lastKnownFileType = sourcecode.swift; path = SongDetailDataProvider.swift; sourceTree = "<group>"; };
		AFD1FFF021AD490200D2894F /* SongDetailActions.swift */ = {isa = PBXFileReference; lastKnownFileType = sourcecode.swift; path = SongDetailActions.swift; sourceTree = "<group>"; };
		AFD1FFF221AD4D4F00D2894F /* SongDetailWireframeTests.swift */ = {isa = PBXFileReference; lastKnownFileType = sourcecode.swift; path = SongDetailWireframeTests.swift; sourceTree = "<group>"; };
		AFD1FFF421AD697400D2894F /* SongDetailView.xib */ = {isa = PBXFileReference; lastKnownFileType = file.xib; path = SongDetailView.xib; sourceTree = "<group>"; };
		AFD1FFF621AD6C2900D2894F /* SongDetailView.swift */ = {isa = PBXFileReference; lastKnownFileType = sourcecode.swift; path = SongDetailView.swift; sourceTree = "<group>"; };
		AFD1FFF921AD9FBF00D2894F /* PlayerService.swift */ = {isa = PBXFileReference; lastKnownFileType = sourcecode.swift; path = PlayerService.swift; sourceTree = "<group>"; };
		AFD1FFFB21AD9FE300D2894F /* MediaPlayer.swift */ = {isa = PBXFileReference; lastKnownFileType = sourcecode.swift; path = MediaPlayer.swift; sourceTree = "<group>"; };
		AFD1FFFD21ADA03700D2894F /* AVKit.framework */ = {isa = PBXFileReference; lastKnownFileType = wrapper.framework; name = AVKit.framework; path = System/Library/Frameworks/AVKit.framework; sourceTree = SDKROOT; };
		AFD1FFFF21ADA14A00D2894F /* AVFoundation.framework */ = {isa = PBXFileReference; lastKnownFileType = wrapper.framework; name = AVFoundation.framework; path = System/Library/Frameworks/AVFoundation.framework; sourceTree = SDKROOT; };
		C87B554B8921AC78E7322DC8 /* Pods_InTune.framework */ = {isa = PBXFileReference; explicitFileType = wrapper.framework; includeInIndex = 0; path = Pods_InTune.framework; sourceTree = BUILT_PRODUCTS_DIR; };
		CF89E08B00C765396865DE0D /* Pods_Networking.framework */ = {isa = PBXFileReference; explicitFileType = wrapper.framework; includeInIndex = 0; path = Pods_Networking.framework; sourceTree = BUILT_PRODUCTS_DIR; };
/* End PBXFileReference section */

/* Begin PBXFrameworksBuildPhase section */
		AFD1FEBF21A6CE7400D2894F /* Frameworks */ = {
			isa = PBXFrameworksBuildPhase;
			buildActionMask = 2147483647;
			files = (
				AFD1000021ADA14A00D2894F /* AVFoundation.framework in Frameworks */,
				AFD1FFFE21ADA03700D2894F /* AVKit.framework in Frameworks */,
				AFD1FF8A21A8671300D2894F /* Networking.framework in Frameworks */,
				E4BE3F949A5B670372AEB014 /* Pods_InTune.framework in Frameworks */,
			);
			runOnlyForDeploymentPostprocessing = 0;
		};
		AFD1FED321A6CE7700D2894F /* Frameworks */ = {
			isa = PBXFrameworksBuildPhase;
			buildActionMask = 2147483647;
			files = (
				25EDE2F7700C844F6A3F7DA1 /* Pods_InTuneTests.framework in Frameworks */,
			);
			runOnlyForDeploymentPostprocessing = 0;
		};
		AFD1FEDE21A6CE7700D2894F /* Frameworks */ = {
			isa = PBXFrameworksBuildPhase;
			buildActionMask = 2147483647;
			files = (
				BE719DA2D49198FC0FD53F64 /* Pods_InTuneUITests.framework in Frameworks */,
			);
			runOnlyForDeploymentPostprocessing = 0;
		};
		AFD1FF7221A8671300D2894F /* Frameworks */ = {
			isa = PBXFrameworksBuildPhase;
			buildActionMask = 2147483647;
			files = (
				B483399F3AD8E299739B8F0B /* Pods_Networking.framework in Frameworks */,
			);
			runOnlyForDeploymentPostprocessing = 0;
		};
		AFD1FF7A21A8671300D2894F /* Frameworks */ = {
			isa = PBXFrameworksBuildPhase;
			buildActionMask = 2147483647;
			files = (
				AFD1FF7E21A8671300D2894F /* Networking.framework in Frameworks */,
				90A688FB600B13D45538BBD9 /* Pods_NetworkingTests.framework in Frameworks */,
			);
			runOnlyForDeploymentPostprocessing = 0;
		};
/* End PBXFrameworksBuildPhase section */

/* Begin PBXGroup section */
		081A12D36D66209576CC91D4 /* Pods */ = {
			isa = PBXGroup;
			children = (
				6002D40DD2C28EF4F0072587 /* Pods-InTune.debug.xcconfig */,
				1CC03FC266EBF20C54CB73F7 /* Pods-InTune.release.xcconfig */,
				29DDD24F5CD02E717373C051 /* Pods-InTuneTests.debug.xcconfig */,
				7229487BD583790C8021951F /* Pods-InTuneTests.release.xcconfig */,
				9EACBB391B286CA5CF1436BB /* Pods-InTuneUITests.debug.xcconfig */,
				02D79BD4C9BEEC0AD974D0A6 /* Pods-InTuneUITests.release.xcconfig */,
				A91C5F5DB97EE765EA898C9A /* Pods-Networking.debug.xcconfig */,
				0A39A0E84C7E0B8C84908C56 /* Pods-Networking.release.xcconfig */,
				895D4BE0FD5C2656055DB11A /* Pods-NetworkingTests.debug.xcconfig */,
				87DBF212A45B9C77C9246E84 /* Pods-NetworkingTests.release.xcconfig */,
			);
			name = Pods;
			sourceTree = "<group>";
		};
		8945FFC58F970ADBAA1A21E0 /* Frameworks */ = {
			isa = PBXGroup;
			children = (
				AFD1FFFF21ADA14A00D2894F /* AVFoundation.framework */,
				AFD1FFFD21ADA03700D2894F /* AVKit.framework */,
				C87B554B8921AC78E7322DC8 /* Pods_InTune.framework */,
				5C7455699D1A2AC12AFC8AFB /* Pods_InTuneTests.framework */,
				51D48556BB2301451B481FC3 /* Pods_InTuneUITests.framework */,
				CF89E08B00C765396865DE0D /* Pods_Networking.framework */,
				40BEA9DD20041FF6B39B66D6 /* Pods_NetworkingTests.framework */,
			);
			name = Frameworks;
			sourceTree = "<group>";
		};
		AFD1FEB921A6CE7400D2894F = {
			isa = PBXGroup;
			children = (
				AFD1FEFD21A803F300D2894F /* Default-568h@2x.png */,
				AFD1FEC421A6CE7400D2894F /* InTune */,
				AFD1FED921A6CE7700D2894F /* InTuneTests */,
				AFD1FEE421A6CE7700D2894F /* InTuneUITests */,
				AFD1FF7621A8671300D2894F /* Networking */,
				AFD1FF8321A8671300D2894F /* NetworkingTests */,
				AFD1FEC321A6CE7400D2894F /* Products */,
				081A12D36D66209576CC91D4 /* Pods */,
				8945FFC58F970ADBAA1A21E0 /* Frameworks */,
			);
			sourceTree = "<group>";
		};
		AFD1FEC321A6CE7400D2894F /* Products */ = {
			isa = PBXGroup;
			children = (
				AFD1FEC221A6CE7400D2894F /* InTune.app */,
				AFD1FED621A6CE7700D2894F /* InTuneTests.xctest */,
				AFD1FEE121A6CE7700D2894F /* InTuneUITests.xctest */,
				AFD1FF7521A8671300D2894F /* Networking.framework */,
				AFD1FF7D21A8671300D2894F /* NetworkingTests.xctest */,
			);
			name = Products;
			sourceTree = "<group>";
		};
		AFD1FEC421A6CE7400D2894F /* InTune */ = {
			isa = PBXGroup;
			children = (
				AFD1FFCF21ABE77600D2894F /* Extensions */,
				AFD1FF3C21A8252A00D2894F /* Model */,
				AFD1FF0421A8053900D2894F /* Services */,
				AFD1FF0121A804E800D2894F /* Modules */,
				AFD1FEF421A6DE7300D2894F /* Supporting Files */,
				AFD1FEF321A6DE6600D2894F /* Core */,
			);
			path = InTune;
			sourceTree = "<group>";
		};
		AFD1FED921A6CE7700D2894F /* InTuneTests */ = {
			isa = PBXGroup;
			children = (
				AFD1FF4021A8256900D2894F /* Mocks */,
				AFD1FEDC21A6CE7700D2894F /* Info.plist */,
				AFD1FF5721A8490600D2894F /* SearchiTunesServiceTests.swift */,
				AFD1FF6021A85D8700D2894F /* CoordinatorTests.swift */,
				AFD1FFAE21A8704800D2894F /* DataProviderTests.swift */,
				AFD1FFB421A87BAB00D2894F /* AppControllerTests.swift */,
				AFD1FFD221ABF4A800D2894F /* ResultParserTests.swift */,
				AFD1FFD421AC0F9F00D2894F /* TimeFormatterTests.swift */,
				AFD1FFDE21AC6B4300D2894F /* SearchWireframeTests.swift */,
				AFD1FFF221AD4D4F00D2894F /* SongDetailWireframeTests.swift */,
			);
			path = InTuneTests;
			sourceTree = "<group>";
		};
		AFD1FEE421A6CE7700D2894F /* InTuneUITests */ = {
			isa = PBXGroup;
			children = (
				AFD1FEE521A6CE7700D2894F /* InTuneUITests.swift */,
				AFD1FEE721A6CE7700D2894F /* Info.plist */,
			);
			path = InTuneUITests;
			sourceTree = "<group>";
		};
		AFD1FEF321A6DE6600D2894F /* Core */ = {
			isa = PBXGroup;
			children = (
				AFD1FEC521A6CE7400D2894F /* AppDelegate.swift */,
				AFD1FEF721A6F38300D2894F /* AppController.swift */,
				AFD1FEF521A6E2E900D2894F /* Constants.swift */,
				AFD1FEF921A6F39600D2894F /* AppData.swift */,
				AFD1FEFB21A6F3A800D2894F /* DataProvider.swift */,
				AFD1FEFF21A8047600D2894F /* Coordinator.swift */,
				AFD1FFB621A888EA00D2894F /* DataLoaded.swift */,
			);
			path = Core;
			sourceTree = "<group>";
		};
		AFD1FEF421A6DE7300D2894F /* Supporting Files */ = {
			isa = PBXGroup;
			children = (
				AFD1FED121A6CE7700D2894F /* Info.plist */,
				AFD1FECE21A6CE7700D2894F /* LaunchScreen.storyboard */,
				AFD1FECC21A6CE7700D2894F /* Assets.xcassets */,
			);
			path = "Supporting Files";
			sourceTree = "<group>";
		};
		AFD1FF0121A804E800D2894F /* Modules */ = {
			isa = PBXGroup;
			children = (
				AFD1FF0321A8050700D2894F /* Song Detail */,
				AFD1FF0221A804F100D2894F /* Search */,
			);
			path = Modules;
			sourceTree = "<group>";
		};
		AFD1FF0221A804F100D2894F /* Search */ = {
			isa = PBXGroup;
			children = (
				AFD1FFCC21AB5B4F00D2894F /* Cells */,
				AFD1FEC921A6CE7400D2894F /* Search.storyboard */,
				AFD1FF5E21A85CE200D2894F /* SearchWireframe.swift */,
				AFD1FEC721A6CE7400D2894F /* SearchViewController.swift */,
				AFD1FFDC21AC688E00D2894F /* SearchDataSource.swift */,
				AFD1FFC021A9D5E600D2894F /* SearchPresenter.swift */,
				AFD1FFC221AA10F900D2894F /* SearchDataProvider.swift */,
				AFD1FFC421AA156400D2894F /* SearchAction.swift */,
			);
			path = Search;
			sourceTree = "<group>";
		};
		AFD1FF0321A8050700D2894F /* Song Detail */ = {
			isa = PBXGroup;
			children = (
				AFD1FFF821AD90F300D2894F /* Views */,
				AFD1FFE621AD464100D2894F /* SongDetailWireframe.swift */,
				AFD1FFE821AD482000D2894F /* SongDetail.storyboard */,
				AFD1FFEA21AD486D00D2894F /* SongDetailViewController.swift */,
				AFD1FFEC21AD48A900D2894F /* SongDetailPresenter.swift */,
				AFD1FFEE21AD48F400D2894F /* SongDetailDataProvider.swift */,
				AFD1FFF021AD490200D2894F /* SongDetailActions.swift */,
			);
			path = "Song Detail";
			sourceTree = "<group>";
		};
		AFD1FF0421A8053900D2894F /* Services */ = {
			isa = PBXGroup;
			children = (
				AFD1FFA321A868B100D2894F /* iTunesAPI.swift */,
				AFD1FFA421A868B100D2894F /* NetworkService.swift */,
				AFD1FFA221A868B100D2894F /* SearchiTunesService.swift */,
				AFD1FFA521A868B100D2894F /* ServiceProvider.swift */,
				AFD1FFF921AD9FBF00D2894F /* PlayerService.swift */,
				AFD1FFFB21AD9FE300D2894F /* MediaPlayer.swift */,
			);
			path = Services;
			sourceTree = "<group>";
		};
		AFD1FF3C21A8252A00D2894F /* Model */ = {
			isa = PBXGroup;
			children = (
				AFD1FF3D21A8253600D2894F /* ServerResponse.swift */,
				AFD1FFCA21AB5AB100D2894F /* SearchResult.swift */,
				AFD1FFCD21AB5EAB00D2894F /* ResultParser.swift */,
				AFD1FFD621AC10AE00D2894F /* TimeFormatter.swift */,
			);
			path = Model;
			sourceTree = "<group>";
		};
		AFD1FF4021A8256900D2894F /* Mocks */ = {
			isa = PBXGroup;
			children = (
				AFD1FF4A21A8284700D2894F /* noResultsServerResponse.json */,
				AFD1FF4721A827DC00D2894F /* simpleServerResponse.json */,
				AFD1FFBD21A987FE00D2894F /* invalidDateResponse.json */,
				AFD1FF4521A826EF00D2894F /* serverResponse.json */,
				AFD1FF4321A8266500D2894F /* MockData.swift */,
				AFD1FF5921A84C8300D2894F /* MockNetworkService.swift */,
			);
			path = Mocks;
			sourceTree = "<group>";
		};
		AFD1FF7621A8671300D2894F /* Networking */ = {
			isa = PBXGroup;
			children = (
				AFD1FF9221A8674600D2894F /* Encoder */,
				AFD1FF9821A8674700D2894F /* EndPoint.swift */,
				AFD1FF9921A8674700D2894F /* Networking.swift */,
				AFD1FF9721A8674700D2894F /* Router.swift */,
				AFD1FF7721A8671300D2894F /* Networking.h */,
				AFD1FF7821A8671300D2894F /* Info.plist */,
			);
			path = Networking;
			sourceTree = "<group>";
		};
		AFD1FF8321A8671300D2894F /* NetworkingTests */ = {
			isa = PBXGroup;
			children = (
				AFD1FFB221A874FB00D2894F /* FormUrlEncoderTests.swift */,
				AFD1FFB021A874E600D2894F /* URLParameterEncodingTests.swift */,
				AFD1FF8621A8671300D2894F /* Info.plist */,
			);
			path = NetworkingTests;
			sourceTree = "<group>";
		};
		AFD1FF9221A8674600D2894F /* Encoder */ = {
			isa = PBXGroup;
			children = (
				AFD1FF9321A8674600D2894F /* FormUrlParameterEncoder.swift */,
				AFD1FF9421A8674600D2894F /* ParameterEncoder.swift */,
				AFD1FF9521A8674600D2894F /* URLParameterEncoder.swift */,
				AFD1FF9621A8674600D2894F /* JSONParameterEncoder.swift */,
			);
			path = Encoder;
			sourceTree = "<group>";
		};
		AFD1FFCC21AB5B4F00D2894F /* Cells */ = {
			isa = PBXGroup;
			children = (
				AFD1FFC621AB471900D2894F /* ResultTableViewCell.swift */,
				AFD1FFC721AB471900D2894F /* ResultTableViewCell.xib */,
			);
			path = Cells;
			sourceTree = "<group>";
		};
		AFD1FFCF21ABE77600D2894F /* Extensions */ = {
			isa = PBXGroup;
			children = (
				AFD1FFD021ABF1EA00D2894F /* DateFormatter.swift */,
				AFD1FFD821AC64B200D2894F /* UIView+Extension.swift */,
				AFD1FFDA21AC651800D2894F /* UITableViewCell+Extension.swift */,
				AFD1FFE421ACABAC00D2894F /* Loadable.swift */,
			);
			path = Extensions;
			sourceTree = "<group>";
		};
		AFD1FFF821AD90F300D2894F /* Views */ = {
			isa = PBXGroup;
			children = (
				AFD1FFF421AD697400D2894F /* SongDetailView.xib */,
				AFD1FFF621AD6C2900D2894F /* SongDetailView.swift */,
			);
			path = Views;
			sourceTree = "<group>";
		};
/* End PBXGroup section */

/* Begin PBXHeadersBuildPhase section */
		AFD1FF7021A8671300D2894F /* Headers */ = {
			isa = PBXHeadersBuildPhase;
			buildActionMask = 2147483647;
			files = (
				AFD1FF8721A8671300D2894F /* Networking.h in Headers */,
			);
			runOnlyForDeploymentPostprocessing = 0;
		};
/* End PBXHeadersBuildPhase section */

/* Begin PBXNativeTarget section */
		AFD1FEC121A6CE7400D2894F /* InTune */ = {
			isa = PBXNativeTarget;
			buildConfigurationList = AFD1FEEA21A6CE7700D2894F /* Build configuration list for PBXNativeTarget "InTune" */;
			buildPhases = (
				B7FE917B2ECBCEE0149B0F8B /* [CP] Check Pods Manifest.lock */,
				AFD1FEBE21A6CE7400D2894F /* Sources */,
				AFD1FEBF21A6CE7400D2894F /* Frameworks */,
				AFD1FEC021A6CE7400D2894F /* Resources */,
				AFD1FF2521A8125000D2894F /* Embed Frameworks */,
				F0EE4C72A7BF83AD4351C18F /* [CP] Embed Pods Frameworks */,
			);
			buildRules = (
			);
			dependencies = (
				AFD1FF8921A8671300D2894F /* PBXTargetDependency */,
			);
			name = InTune;
			productName = InTune;
			productReference = AFD1FEC221A6CE7400D2894F /* InTune.app */;
			productType = "com.apple.product-type.application";
		};
		AFD1FED521A6CE7700D2894F /* InTuneTests */ = {
			isa = PBXNativeTarget;
			buildConfigurationList = AFD1FEED21A6CE7700D2894F /* Build configuration list for PBXNativeTarget "InTuneTests" */;
			buildPhases = (
				330A7A474AD82812C2A0EADA /* [CP] Check Pods Manifest.lock */,
				AFD1FED221A6CE7700D2894F /* Sources */,
				AFD1FED321A6CE7700D2894F /* Frameworks */,
				AFD1FED421A6CE7700D2894F /* Resources */,
			);
			buildRules = (
			);
			dependencies = (
				AFD1FED821A6CE7700D2894F /* PBXTargetDependency */,
			);
			name = InTuneTests;
			productName = InTuneTests;
			productReference = AFD1FED621A6CE7700D2894F /* InTuneTests.xctest */;
			productType = "com.apple.product-type.bundle.unit-test";
		};
		AFD1FEE021A6CE7700D2894F /* InTuneUITests */ = {
			isa = PBXNativeTarget;
			buildConfigurationList = AFD1FEF021A6CE7700D2894F /* Build configuration list for PBXNativeTarget "InTuneUITests" */;
			buildPhases = (
				1CE209F4B2F21272D2DA70BA /* [CP] Check Pods Manifest.lock */,
				AFD1FEDD21A6CE7700D2894F /* Sources */,
				AFD1FEDE21A6CE7700D2894F /* Frameworks */,
				AFD1FEDF21A6CE7700D2894F /* Resources */,
			);
			buildRules = (
			);
			dependencies = (
				AFD1FEE321A6CE7700D2894F /* PBXTargetDependency */,
			);
			name = InTuneUITests;
			productName = InTuneUITests;
			productReference = AFD1FEE121A6CE7700D2894F /* InTuneUITests.xctest */;
			productType = "com.apple.product-type.bundle.ui-testing";
		};
		AFD1FF7421A8671300D2894F /* Networking */ = {
			isa = PBXNativeTarget;
			buildConfigurationList = AFD1FF8C21A8671300D2894F /* Build configuration list for PBXNativeTarget "Networking" */;
			buildPhases = (
				1AC043638BA7B53145696085 /* [CP] Check Pods Manifest.lock */,
				AFD1FF7021A8671300D2894F /* Headers */,
				AFD1FF7121A8671300D2894F /* Sources */,
				AFD1FF7221A8671300D2894F /* Frameworks */,
				AFD1FF7321A8671300D2894F /* Resources */,
			);
			buildRules = (
			);
			dependencies = (
			);
			name = Networking;
			productName = Networking;
			productReference = AFD1FF7521A8671300D2894F /* Networking.framework */;
			productType = "com.apple.product-type.framework";
		};
		AFD1FF7C21A8671300D2894F /* NetworkingTests */ = {
			isa = PBXNativeTarget;
			buildConfigurationList = AFD1FF8F21A8671300D2894F /* Build configuration list for PBXNativeTarget "NetworkingTests" */;
			buildPhases = (
				BAC8DAD32E47DCCE84179469 /* [CP] Check Pods Manifest.lock */,
				AFD1FF7921A8671300D2894F /* Sources */,
				AFD1FF7A21A8671300D2894F /* Frameworks */,
				AFD1FF7B21A8671300D2894F /* Resources */,
			);
			buildRules = (
			);
			dependencies = (
				AFD1FF8021A8671300D2894F /* PBXTargetDependency */,
				AFD1FF8221A8671300D2894F /* PBXTargetDependency */,
			);
			name = NetworkingTests;
			productName = NetworkingTests;
			productReference = AFD1FF7D21A8671300D2894F /* NetworkingTests.xctest */;
			productType = "com.apple.product-type.bundle.unit-test";
		};
/* End PBXNativeTarget section */

/* Begin PBXProject section */
		AFD1FEBA21A6CE7400D2894F /* Project object */ = {
			isa = PBXProject;
			attributes = {
				LastSwiftUpdateCheck = 1010;
				LastUpgradeCheck = 1010;
				ORGANIZATIONNAME = Sonomos;
				TargetAttributes = {
					AFD1FEC121A6CE7400D2894F = {
						CreatedOnToolsVersion = 10.1;
					};
					AFD1FED521A6CE7700D2894F = {
						CreatedOnToolsVersion = 10.1;
						TestTargetID = AFD1FEC121A6CE7400D2894F;
					};
					AFD1FEE021A6CE7700D2894F = {
						CreatedOnToolsVersion = 10.1;
						TestTargetID = AFD1FEC121A6CE7400D2894F;
					};
					AFD1FF7421A8671300D2894F = {
						CreatedOnToolsVersion = 10.1;
						LastSwiftMigration = 1010;
					};
					AFD1FF7C21A8671300D2894F = {
						CreatedOnToolsVersion = 10.1;
						LastSwiftMigration = 1010;
						TestTargetID = AFD1FEC121A6CE7400D2894F;
					};
				};
			};
			buildConfigurationList = AFD1FEBD21A6CE7400D2894F /* Build configuration list for PBXProject "InTune" */;
			compatibilityVersion = "Xcode 9.3";
			developmentRegion = en;
			hasScannedForEncodings = 0;
			knownRegions = (
				en,
				Base,
			);
			mainGroup = AFD1FEB921A6CE7400D2894F;
			productRefGroup = AFD1FEC321A6CE7400D2894F /* Products */;
			projectDirPath = "";
			projectRoot = "";
			targets = (
				AFD1FEC121A6CE7400D2894F /* InTune */,
				AFD1FED521A6CE7700D2894F /* InTuneTests */,
				AFD1FEE021A6CE7700D2894F /* InTuneUITests */,
				AFD1FF7421A8671300D2894F /* Networking */,
				AFD1FF7C21A8671300D2894F /* NetworkingTests */,
			);
		};
/* End PBXProject section */

/* Begin PBXResourcesBuildPhase section */
		AFD1FEC021A6CE7400D2894F /* Resources */ = {
			isa = PBXResourcesBuildPhase;
			buildActionMask = 2147483647;
			files = (
				AFD1FFF521AD697400D2894F /* SongDetailView.xib in Resources */,
				AFD1FED021A6CE7700D2894F /* LaunchScreen.storyboard in Resources */,
				AFD1FEFE21A803F300D2894F /* Default-568h@2x.png in Resources */,
				AFD1FECD21A6CE7700D2894F /* Assets.xcassets in Resources */,
				AFD1FFAB21A86E2A00D2894F /* simpleServerResponse.json in Resources */,
				AFD1FFBF21A9935600D2894F /* invalidDateResponse.json in Resources */,
				AFD1FECB21A6CE7400D2894F /* Search.storyboard in Resources */,
				AFD1FFAA21A86E2700D2894F /* noResultsServerResponse.json in Resources */,
				AFD1FFAC21A86E2F00D2894F /* serverResponse.json in Resources */,
				AFD1FFE921AD482000D2894F /* SongDetail.storyboard in Resources */,
				AFD1FFC921AB471900D2894F /* ResultTableViewCell.xib in Resources */,
			);
			runOnlyForDeploymentPostprocessing = 0;
		};
		AFD1FED421A6CE7700D2894F /* Resources */ = {
			isa = PBXResourcesBuildPhase;
			buildActionMask = 2147483647;
			files = (
				AFD1FFAD21A86E3200D2894F /* noResultsServerResponse.json in Resources */,
				AFD1FF5D21A84C9200D2894F /* serverResponse.json in Resources */,
				AFD1FF5C21A84C8F00D2894F /* simpleServerResponse.json in Resources */,
			);
			runOnlyForDeploymentPostprocessing = 0;
		};
		AFD1FEDF21A6CE7700D2894F /* Resources */ = {
			isa = PBXResourcesBuildPhase;
			buildActionMask = 2147483647;
			files = (
			);
			runOnlyForDeploymentPostprocessing = 0;
		};
		AFD1FF7321A8671300D2894F /* Resources */ = {
			isa = PBXResourcesBuildPhase;
			buildActionMask = 2147483647;
			files = (
			);
			runOnlyForDeploymentPostprocessing = 0;
		};
		AFD1FF7B21A8671300D2894F /* Resources */ = {
			isa = PBXResourcesBuildPhase;
			buildActionMask = 2147483647;
			files = (
			);
			runOnlyForDeploymentPostprocessing = 0;
		};
/* End PBXResourcesBuildPhase section */

/* Begin PBXShellScriptBuildPhase section */
		1AC043638BA7B53145696085 /* [CP] Check Pods Manifest.lock */ = {
			isa = PBXShellScriptBuildPhase;
			buildActionMask = 2147483647;
			files = (
			);
			inputFileListPaths = (
			);
			inputPaths = (
				"${PODS_PODFILE_DIR_PATH}/Podfile.lock",
				"${PODS_ROOT}/Manifest.lock",
			);
			name = "[CP] Check Pods Manifest.lock";
			outputFileListPaths = (
			);
			outputPaths = (
				"$(DERIVED_FILE_DIR)/Pods-Networking-checkManifestLockResult.txt",
			);
			runOnlyForDeploymentPostprocessing = 0;
			shellPath = /bin/sh;
			shellScript = "diff \"${PODS_PODFILE_DIR_PATH}/Podfile.lock\" \"${PODS_ROOT}/Manifest.lock\" > /dev/null\nif [ $? != 0 ] ; then\n    # print error to STDERR\n    echo \"error: The sandbox is not in sync with the Podfile.lock. Run 'pod install' or update your CocoaPods installation.\" >&2\n    exit 1\nfi\n# This output is used by Xcode 'outputs' to avoid re-running this script phase.\necho \"SUCCESS\" > \"${SCRIPT_OUTPUT_FILE_0}\"\n";
			showEnvVarsInLog = 0;
		};
		1CE209F4B2F21272D2DA70BA /* [CP] Check Pods Manifest.lock */ = {
			isa = PBXShellScriptBuildPhase;
			buildActionMask = 2147483647;
			files = (
			);
			inputFileListPaths = (
			);
			inputPaths = (
				"${PODS_PODFILE_DIR_PATH}/Podfile.lock",
				"${PODS_ROOT}/Manifest.lock",
			);
			name = "[CP] Check Pods Manifest.lock";
			outputFileListPaths = (
			);
			outputPaths = (
				"$(DERIVED_FILE_DIR)/Pods-InTuneUITests-checkManifestLockResult.txt",
			);
			runOnlyForDeploymentPostprocessing = 0;
			shellPath = /bin/sh;
			shellScript = "diff \"${PODS_PODFILE_DIR_PATH}/Podfile.lock\" \"${PODS_ROOT}/Manifest.lock\" > /dev/null\nif [ $? != 0 ] ; then\n    # print error to STDERR\n    echo \"error: The sandbox is not in sync with the Podfile.lock. Run 'pod install' or update your CocoaPods installation.\" >&2\n    exit 1\nfi\n# This output is used by Xcode 'outputs' to avoid re-running this script phase.\necho \"SUCCESS\" > \"${SCRIPT_OUTPUT_FILE_0}\"\n";
			showEnvVarsInLog = 0;
		};
		330A7A474AD82812C2A0EADA /* [CP] Check Pods Manifest.lock */ = {
			isa = PBXShellScriptBuildPhase;
			buildActionMask = 2147483647;
			files = (
			);
			inputFileListPaths = (
			);
			inputPaths = (
				"${PODS_PODFILE_DIR_PATH}/Podfile.lock",
				"${PODS_ROOT}/Manifest.lock",
			);
			name = "[CP] Check Pods Manifest.lock";
			outputFileListPaths = (
			);
			outputPaths = (
				"$(DERIVED_FILE_DIR)/Pods-InTuneTests-checkManifestLockResult.txt",
			);
			runOnlyForDeploymentPostprocessing = 0;
			shellPath = /bin/sh;
			shellScript = "diff \"${PODS_PODFILE_DIR_PATH}/Podfile.lock\" \"${PODS_ROOT}/Manifest.lock\" > /dev/null\nif [ $? != 0 ] ; then\n    # print error to STDERR\n    echo \"error: The sandbox is not in sync with the Podfile.lock. Run 'pod install' or update your CocoaPods installation.\" >&2\n    exit 1\nfi\n# This output is used by Xcode 'outputs' to avoid re-running this script phase.\necho \"SUCCESS\" > \"${SCRIPT_OUTPUT_FILE_0}\"\n";
			showEnvVarsInLog = 0;
		};
		B7FE917B2ECBCEE0149B0F8B /* [CP] Check Pods Manifest.lock */ = {
			isa = PBXShellScriptBuildPhase;
			buildActionMask = 2147483647;
			files = (
			);
			inputFileListPaths = (
			);
			inputPaths = (
				"${PODS_PODFILE_DIR_PATH}/Podfile.lock",
				"${PODS_ROOT}/Manifest.lock",
			);
			name = "[CP] Check Pods Manifest.lock";
			outputFileListPaths = (
			);
			outputPaths = (
				"$(DERIVED_FILE_DIR)/Pods-InTune-checkManifestLockResult.txt",
			);
			runOnlyForDeploymentPostprocessing = 0;
			shellPath = /bin/sh;
			shellScript = "diff \"${PODS_PODFILE_DIR_PATH}/Podfile.lock\" \"${PODS_ROOT}/Manifest.lock\" > /dev/null\nif [ $? != 0 ] ; then\n    # print error to STDERR\n    echo \"error: The sandbox is not in sync with the Podfile.lock. Run 'pod install' or update your CocoaPods installation.\" >&2\n    exit 1\nfi\n# This output is used by Xcode 'outputs' to avoid re-running this script phase.\necho \"SUCCESS\" > \"${SCRIPT_OUTPUT_FILE_0}\"\n";
			showEnvVarsInLog = 0;
		};
		BAC8DAD32E47DCCE84179469 /* [CP] Check Pods Manifest.lock */ = {
			isa = PBXShellScriptBuildPhase;
			buildActionMask = 2147483647;
			files = (
			);
			inputFileListPaths = (
			);
			inputPaths = (
				"${PODS_PODFILE_DIR_PATH}/Podfile.lock",
				"${PODS_ROOT}/Manifest.lock",
			);
			name = "[CP] Check Pods Manifest.lock";
			outputFileListPaths = (
			);
			outputPaths = (
				"$(DERIVED_FILE_DIR)/Pods-NetworkingTests-checkManifestLockResult.txt",
			);
			runOnlyForDeploymentPostprocessing = 0;
			shellPath = /bin/sh;
			shellScript = "diff \"${PODS_PODFILE_DIR_PATH}/Podfile.lock\" \"${PODS_ROOT}/Manifest.lock\" > /dev/null\nif [ $? != 0 ] ; then\n    # print error to STDERR\n    echo \"error: The sandbox is not in sync with the Podfile.lock. Run 'pod install' or update your CocoaPods installation.\" >&2\n    exit 1\nfi\n# This output is used by Xcode 'outputs' to avoid re-running this script phase.\necho \"SUCCESS\" > \"${SCRIPT_OUTPUT_FILE_0}\"\n";
			showEnvVarsInLog = 0;
		};
		F0EE4C72A7BF83AD4351C18F /* [CP] Embed Pods Frameworks */ = {
			isa = PBXShellScriptBuildPhase;
			buildActionMask = 2147483647;
			files = (
			);
			inputFileListPaths = (
			);
			inputPaths = (
				"${SRCROOT}/Pods/Target Support Files/Pods-InTune/Pods-InTune-frameworks.sh",
				"${BUILT_PRODUCTS_DIR}/Haneke/Haneke.framework",
				"${BUILT_PRODUCTS_DIR}/JGProgressHUD/JGProgressHUD.framework",
			);
			name = "[CP] Embed Pods Frameworks";
			outputFileListPaths = (
			);
			outputPaths = (
				"${TARGET_BUILD_DIR}/${FRAMEWORKS_FOLDER_PATH}/Haneke.framework",
				"${TARGET_BUILD_DIR}/${FRAMEWORKS_FOLDER_PATH}/JGProgressHUD.framework",
			);
			runOnlyForDeploymentPostprocessing = 0;
			shellPath = /bin/sh;
			shellScript = "\"${SRCROOT}/Pods/Target Support Files/Pods-InTune/Pods-InTune-frameworks.sh\"\n";
			showEnvVarsInLog = 0;
		};
/* End PBXShellScriptBuildPhase section */

/* Begin PBXSourcesBuildPhase section */
		AFD1FEBE21A6CE7400D2894F /* Sources */ = {
			isa = PBXSourcesBuildPhase;
			buildActionMask = 2147483647;
			files = (
				AFD1FEFC21A6F3A800D2894F /* DataProvider.swift in Sources */,
				AFD1FFED21AD48A900D2894F /* SongDetailPresenter.swift in Sources */,
				AFD1FEC821A6CE7400D2894F /* SearchViewController.swift in Sources */,
				AFD1FFC121A9D5E600D2894F /* SearchPresenter.swift in Sources */,
				AFD1FFD121ABF1EA00D2894F /* DateFormatter.swift in Sources */,
				AFD1FFB721A888EA00D2894F /* DataLoaded.swift in Sources */,
				AFD1FFEF21AD48F400D2894F /* SongDetailDataProvider.swift in Sources */,
				AFD1FEC621A6CE7400D2894F /* AppDelegate.swift in Sources */,
				AFD1FFCE21AB5EAB00D2894F /* ResultParser.swift in Sources */,
				AFD1FFC521AA156400D2894F /* SearchAction.swift in Sources */,
				AFD1FFE721AD464100D2894F /* SongDetailWireframe.swift in Sources */,
				AFD1FFA721A868B200D2894F /* iTunesAPI.swift in Sources */,
				AFD1FEF621A6E2E900D2894F /* Constants.swift in Sources */,
				AFD1FFD921AC64B200D2894F /* UIView+Extension.swift in Sources */,
				AFD1FFDD21AC688E00D2894F /* SearchDataSource.swift in Sources */,
				AFD1FEF821A6F38300D2894F /* AppController.swift in Sources */,
				AFD1FFCB21AB5AB100D2894F /* SearchResult.swift in Sources */,
				AFD1FFA621A868B200D2894F /* SearchiTunesService.swift in Sources */,
				AFD1FFFA21AD9FBF00D2894F /* PlayerService.swift in Sources */,
				AFD1FFFC21AD9FE300D2894F /* MediaPlayer.swift in Sources */,
				AFD1FFF121AD490200D2894F /* SongDetailActions.swift in Sources */,
				AFD1FF5F21A85CE200D2894F /* SearchWireframe.swift in Sources */,
				AFD1FFF721AD6C2900D2894F /* SongDetailView.swift in Sources */,
				AFD1FF3E21A8253600D2894F /* ServerResponse.swift in Sources */,
				AFD1FFEB21AD486D00D2894F /* SongDetailViewController.swift in Sources */,
				AFD1FEFA21A6F39600D2894F /* AppData.swift in Sources */,
				AFD1FFA921A868B200D2894F /* ServiceProvider.swift in Sources */,
				AFD1FFD721AC10AE00D2894F /* TimeFormatter.swift in Sources */,
				AFD1FFE521ACABAC00D2894F /* Loadable.swift in Sources */,
				AFD1FFDB21AC651800D2894F /* UITableViewCell+Extension.swift in Sources */,
				AFD1FFA821A868B200D2894F /* NetworkService.swift in Sources */,
				AFD1FFC321AA10F900D2894F /* SearchDataProvider.swift in Sources */,
				AFD1FFC821AB471900D2894F /* ResultTableViewCell.swift in Sources */,
				AFD1FF0021A8047600D2894F /* Coordinator.swift in Sources */,
			);
			runOnlyForDeploymentPostprocessing = 0;
		};
		AFD1FED221A6CE7700D2894F /* Sources */ = {
			isa = PBXSourcesBuildPhase;
			buildActionMask = 2147483647;
			files = (
				AFD1FF5A21A84C8400D2894F /* MockNetworkService.swift in Sources */,
				AFD1FFD521AC0F9F00D2894F /* TimeFormatterTests.swift in Sources */,
				AFD1FF6121A85D8700D2894F /* CoordinatorTests.swift in Sources */,
				AFD1FFB521A87BAB00D2894F /* AppControllerTests.swift in Sources */,
				AFD1FFAF21A8704800D2894F /* DataProviderTests.swift in Sources */,
				AFD1FFDF21AC6B4300D2894F /* SearchWireframeTests.swift in Sources */,
				AFD1FFF321AD4D4F00D2894F /* SongDetailWireframeTests.swift in Sources */,
				AFD1FF5821A8490600D2894F /* SearchiTunesServiceTests.swift in Sources */,
				AFD1FF4421A8266500D2894F /* MockData.swift in Sources */,
				AFD1FFD321ABF4A800D2894F /* ResultParserTests.swift in Sources */,
			);
			runOnlyForDeploymentPostprocessing = 0;
		};
		AFD1FEDD21A6CE7700D2894F /* Sources */ = {
			isa = PBXSourcesBuildPhase;
			buildActionMask = 2147483647;
			files = (
				AFD1FEE621A6CE7700D2894F /* InTuneUITests.swift in Sources */,
			);
			runOnlyForDeploymentPostprocessing = 0;
		};
		AFD1FF7121A8671300D2894F /* Sources */ = {
			isa = PBXSourcesBuildPhase;
			buildActionMask = 2147483647;
			files = (
				AFD1FF9F21A8674800D2894F /* EndPoint.swift in Sources */,
				AFD1FF9D21A8674800D2894F /* JSONParameterEncoder.swift in Sources */,
				AFD1FF9B21A8674800D2894F /* ParameterEncoder.swift in Sources */,
				AFD1FF9E21A8674800D2894F /* Router.swift in Sources */,
				AFD1FF9A21A8674800D2894F /* FormUrlParameterEncoder.swift in Sources */,
				AFD1FF9C21A8674800D2894F /* URLParameterEncoder.swift in Sources */,
				AFD1FFA021A8674800D2894F /* Networking.swift in Sources */,
			);
			runOnlyForDeploymentPostprocessing = 0;
		};
		AFD1FF7921A8671300D2894F /* Sources */ = {
			isa = PBXSourcesBuildPhase;
			buildActionMask = 2147483647;
			files = (
				AFD1FFB321A874FB00D2894F /* FormUrlEncoderTests.swift in Sources */,
				AFD1FFB121A874E600D2894F /* URLParameterEncodingTests.swift in Sources */,
			);
			runOnlyForDeploymentPostprocessing = 0;
		};
/* End PBXSourcesBuildPhase section */

/* Begin PBXTargetDependency section */
		AFD1FED821A6CE7700D2894F /* PBXTargetDependency */ = {
			isa = PBXTargetDependency;
			target = AFD1FEC121A6CE7400D2894F /* InTune */;
			targetProxy = AFD1FED721A6CE7700D2894F /* PBXContainerItemProxy */;
		};
		AFD1FEE321A6CE7700D2894F /* PBXTargetDependency */ = {
			isa = PBXTargetDependency;
			target = AFD1FEC121A6CE7400D2894F /* InTune */;
			targetProxy = AFD1FEE221A6CE7700D2894F /* PBXContainerItemProxy */;
		};
		AFD1FF8021A8671300D2894F /* PBXTargetDependency */ = {
			isa = PBXTargetDependency;
			target = AFD1FF7421A8671300D2894F /* Networking */;
			targetProxy = AFD1FF7F21A8671300D2894F /* PBXContainerItemProxy */;
		};
		AFD1FF8221A8671300D2894F /* PBXTargetDependency */ = {
			isa = PBXTargetDependency;
			target = AFD1FEC121A6CE7400D2894F /* InTune */;
			targetProxy = AFD1FF8121A8671300D2894F /* PBXContainerItemProxy */;
		};
		AFD1FF8921A8671300D2894F /* PBXTargetDependency */ = {
			isa = PBXTargetDependency;
			target = AFD1FF7421A8671300D2894F /* Networking */;
			targetProxy = AFD1FF8821A8671300D2894F /* PBXContainerItemProxy */;
		};
/* End PBXTargetDependency section */

/* Begin PBXVariantGroup section */
		AFD1FEC921A6CE7400D2894F /* Search.storyboard */ = {
			isa = PBXVariantGroup;
			children = (
				AFD1FECA21A6CE7400D2894F /* Base */,
			);
			name = Search.storyboard;
			sourceTree = "<group>";
		};
		AFD1FECE21A6CE7700D2894F /* LaunchScreen.storyboard */ = {
			isa = PBXVariantGroup;
			children = (
				AFD1FECF21A6CE7700D2894F /* Base */,
			);
			name = LaunchScreen.storyboard;
			sourceTree = "<group>";
		};
/* End PBXVariantGroup section */

/* Begin XCBuildConfiguration section */
		AFD1FEE821A6CE7700D2894F /* Debug */ = {
			isa = XCBuildConfiguration;
			buildSettings = {
				ALWAYS_SEARCH_USER_PATHS = NO;
				CLANG_ANALYZER_NONNULL = YES;
				CLANG_ANALYZER_NUMBER_OBJECT_CONVERSION = YES_AGGRESSIVE;
				CLANG_CXX_LANGUAGE_STANDARD = "gnu++14";
				CLANG_CXX_LIBRARY = "libc++";
				CLANG_ENABLE_MODULES = YES;
				CLANG_ENABLE_OBJC_ARC = YES;
				CLANG_ENABLE_OBJC_WEAK = YES;
				CLANG_WARN_BLOCK_CAPTURE_AUTORELEASING = YES;
				CLANG_WARN_BOOL_CONVERSION = YES;
				CLANG_WARN_COMMA = YES;
				CLANG_WARN_CONSTANT_CONVERSION = YES;
				CLANG_WARN_DEPRECATED_OBJC_IMPLEMENTATIONS = YES;
				CLANG_WARN_DIRECT_OBJC_ISA_USAGE = YES_ERROR;
				CLANG_WARN_DOCUMENTATION_COMMENTS = YES;
				CLANG_WARN_EMPTY_BODY = YES;
				CLANG_WARN_ENUM_CONVERSION = YES;
				CLANG_WARN_INFINITE_RECURSION = YES;
				CLANG_WARN_INT_CONVERSION = YES;
				CLANG_WARN_NON_LITERAL_NULL_CONVERSION = YES;
				CLANG_WARN_OBJC_IMPLICIT_RETAIN_SELF = YES;
				CLANG_WARN_OBJC_LITERAL_CONVERSION = YES;
				CLANG_WARN_OBJC_ROOT_CLASS = YES_ERROR;
				CLANG_WARN_RANGE_LOOP_ANALYSIS = YES;
				CLANG_WARN_STRICT_PROTOTYPES = YES;
				CLANG_WARN_SUSPICIOUS_MOVE = YES;
				CLANG_WARN_UNGUARDED_AVAILABILITY = YES_AGGRESSIVE;
				CLANG_WARN_UNREACHABLE_CODE = YES;
				CLANG_WARN__DUPLICATE_METHOD_MATCH = YES;
				CODE_SIGN_IDENTITY = "iPhone Developer";
				COPY_PHASE_STRIP = NO;
				DEBUG_INFORMATION_FORMAT = dwarf;
				ENABLE_STRICT_OBJC_MSGSEND = YES;
				ENABLE_TESTABILITY = YES;
				GCC_C_LANGUAGE_STANDARD = gnu11;
				GCC_DYNAMIC_NO_PIC = NO;
				GCC_NO_COMMON_BLOCKS = YES;
				GCC_OPTIMIZATION_LEVEL = 0;
				GCC_PREPROCESSOR_DEFINITIONS = (
					"DEBUG=1",
					"$(inherited)",
				);
				GCC_WARN_64_TO_32_BIT_CONVERSION = YES;
				GCC_WARN_ABOUT_RETURN_TYPE = YES_ERROR;
				GCC_WARN_UNDECLARED_SELECTOR = YES;
				GCC_WARN_UNINITIALIZED_AUTOS = YES_AGGRESSIVE;
				GCC_WARN_UNUSED_FUNCTION = YES;
				GCC_WARN_UNUSED_VARIABLE = YES;
				IPHONEOS_DEPLOYMENT_TARGET = 12.1;
				MTL_ENABLE_DEBUG_INFO = INCLUDE_SOURCE;
				MTL_FAST_MATH = YES;
				ONLY_ACTIVE_ARCH = YES;
				SDKROOT = iphoneos;
				SWIFT_ACTIVE_COMPILATION_CONDITIONS = DEBUG;
				SWIFT_OPTIMIZATION_LEVEL = "-Onone";
			};
			name = Debug;
		};
		AFD1FEE921A6CE7700D2894F /* Release */ = {
			isa = XCBuildConfiguration;
			buildSettings = {
				ALWAYS_SEARCH_USER_PATHS = NO;
				CLANG_ANALYZER_NONNULL = YES;
				CLANG_ANALYZER_NUMBER_OBJECT_CONVERSION = YES_AGGRESSIVE;
				CLANG_CXX_LANGUAGE_STANDARD = "gnu++14";
				CLANG_CXX_LIBRARY = "libc++";
				CLANG_ENABLE_MODULES = YES;
				CLANG_ENABLE_OBJC_ARC = YES;
				CLANG_ENABLE_OBJC_WEAK = YES;
				CLANG_WARN_BLOCK_CAPTURE_AUTORELEASING = YES;
				CLANG_WARN_BOOL_CONVERSION = YES;
				CLANG_WARN_COMMA = YES;
				CLANG_WARN_CONSTANT_CONVERSION = YES;
				CLANG_WARN_DEPRECATED_OBJC_IMPLEMENTATIONS = YES;
				CLANG_WARN_DIRECT_OBJC_ISA_USAGE = YES_ERROR;
				CLANG_WARN_DOCUMENTATION_COMMENTS = YES;
				CLANG_WARN_EMPTY_BODY = YES;
				CLANG_WARN_ENUM_CONVERSION = YES;
				CLANG_WARN_INFINITE_RECURSION = YES;
				CLANG_WARN_INT_CONVERSION = YES;
				CLANG_WARN_NON_LITERAL_NULL_CONVERSION = YES;
				CLANG_WARN_OBJC_IMPLICIT_RETAIN_SELF = YES;
				CLANG_WARN_OBJC_LITERAL_CONVERSION = YES;
				CLANG_WARN_OBJC_ROOT_CLASS = YES_ERROR;
				CLANG_WARN_RANGE_LOOP_ANALYSIS = YES;
				CLANG_WARN_STRICT_PROTOTYPES = YES;
				CLANG_WARN_SUSPICIOUS_MOVE = YES;
				CLANG_WARN_UNGUARDED_AVAILABILITY = YES_AGGRESSIVE;
				CLANG_WARN_UNREACHABLE_CODE = YES;
				CLANG_WARN__DUPLICATE_METHOD_MATCH = YES;
				CODE_SIGN_IDENTITY = "iPhone Developer";
				COPY_PHASE_STRIP = NO;
				DEBUG_INFORMATION_FORMAT = "dwarf-with-dsym";
				ENABLE_NS_ASSERTIONS = NO;
				ENABLE_STRICT_OBJC_MSGSEND = YES;
				GCC_C_LANGUAGE_STANDARD = gnu11;
				GCC_NO_COMMON_BLOCKS = YES;
				GCC_WARN_64_TO_32_BIT_CONVERSION = YES;
				GCC_WARN_ABOUT_RETURN_TYPE = YES_ERROR;
				GCC_WARN_UNDECLARED_SELECTOR = YES;
				GCC_WARN_UNINITIALIZED_AUTOS = YES_AGGRESSIVE;
				GCC_WARN_UNUSED_FUNCTION = YES;
				GCC_WARN_UNUSED_VARIABLE = YES;
				IPHONEOS_DEPLOYMENT_TARGET = 12.1;
				MTL_ENABLE_DEBUG_INFO = NO;
				MTL_FAST_MATH = YES;
				SDKROOT = iphoneos;
				SWIFT_COMPILATION_MODE = wholemodule;
				SWIFT_OPTIMIZATION_LEVEL = "-O";
				VALIDATE_PRODUCT = YES;
			};
			name = Release;
		};
		AFD1FEEB21A6CE7700D2894F /* Debug */ = {
			isa = XCBuildConfiguration;
			baseConfigurationReference = 6002D40DD2C28EF4F0072587 /* Pods-InTune.debug.xcconfig */;
			buildSettings = {
				ALWAYS_EMBED_SWIFT_STANDARD_LIBRARIES = YES;
				ASSETCATALOG_COMPILER_APPICON_NAME = AppIcon;
				CODE_SIGN_STYLE = Automatic;
				DEVELOPMENT_TEAM = MNZD883YQL;
				INFOPLIST_FILE = "$(SRCROOT)/InTune/Supporting Files/Info.plist";
				IPHONEOS_DEPLOYMENT_TARGET = 12.0;
				LD_RUNPATH_SEARCH_PATHS = (
					"$(inherited)",
					"@executable_path/Frameworks",
				);
				PRODUCT_BUNDLE_IDENTIFIER = com.sonomos.InTune;
				PRODUCT_NAME = "$(TARGET_NAME)";
				SWIFT_VERSION = 4.2;
				TARGETED_DEVICE_FAMILY = 1;
			};
			name = Debug;
		};
		AFD1FEEC21A6CE7700D2894F /* Release */ = {
			isa = XCBuildConfiguration;
			baseConfigurationReference = 1CC03FC266EBF20C54CB73F7 /* Pods-InTune.release.xcconfig */;
			buildSettings = {
				ALWAYS_EMBED_SWIFT_STANDARD_LIBRARIES = YES;
				ASSETCATALOG_COMPILER_APPICON_NAME = AppIcon;
				CODE_SIGN_STYLE = Automatic;
				DEVELOPMENT_TEAM = MNZD883YQL;
				INFOPLIST_FILE = "$(SRCROOT)/InTune/Supporting Files/Info.plist";
				IPHONEOS_DEPLOYMENT_TARGET = 12.0;
				LD_RUNPATH_SEARCH_PATHS = (
					"$(inherited)",
					"@executable_path/Frameworks",
				);
				PRODUCT_BUNDLE_IDENTIFIER = com.sonomos.InTune;
				PRODUCT_NAME = "$(TARGET_NAME)";
				SWIFT_VERSION = 4.2;
				TARGETED_DEVICE_FAMILY = 1;
			};
			name = Release;
		};
		AFD1FEEE21A6CE7700D2894F /* Debug */ = {
			isa = XCBuildConfiguration;
			baseConfigurationReference = 29DDD24F5CD02E717373C051 /* Pods-InTuneTests.debug.xcconfig */;
			buildSettings = {
				ALWAYS_EMBED_SWIFT_STANDARD_LIBRARIES = YES;
				BUNDLE_LOADER = "$(TEST_HOST)";
				CODE_SIGN_STYLE = Automatic;
				DEVELOPMENT_TEAM = MNZD883YQL;
				INFOPLIST_FILE = InTuneTests/Info.plist;
				LD_RUNPATH_SEARCH_PATHS = (
					"$(inherited)",
					"@executable_path/Frameworks",
					"@loader_path/Frameworks",
				);
				PRODUCT_BUNDLE_IDENTIFIER = com.sonomos.InTuneTests;
				PRODUCT_NAME = "$(TARGET_NAME)";
				SWIFT_VERSION = 4.2;
				TARGETED_DEVICE_FAMILY = "1,2";
				TEST_HOST = "$(BUILT_PRODUCTS_DIR)/InTune.app/InTune";
			};
			name = Debug;
		};
		AFD1FEEF21A6CE7700D2894F /* Release */ = {
			isa = XCBuildConfiguration;
			baseConfigurationReference = 7229487BD583790C8021951F /* Pods-InTuneTests.release.xcconfig */;
			buildSettings = {
				ALWAYS_EMBED_SWIFT_STANDARD_LIBRARIES = YES;
				BUNDLE_LOADER = "$(TEST_HOST)";
				CODE_SIGN_STYLE = Automatic;
				DEVELOPMENT_TEAM = MNZD883YQL;
				INFOPLIST_FILE = InTuneTests/Info.plist;
				LD_RUNPATH_SEARCH_PATHS = (
					"$(inherited)",
					"@executable_path/Frameworks",
					"@loader_path/Frameworks",
				);
				PRODUCT_BUNDLE_IDENTIFIER = com.sonomos.InTuneTests;
				PRODUCT_NAME = "$(TARGET_NAME)";
				SWIFT_VERSION = 4.2;
				TARGETED_DEVICE_FAMILY = "1,2";
				TEST_HOST = "$(BUILT_PRODUCTS_DIR)/InTune.app/InTune";
			};
			name = Release;
		};
		AFD1FEF121A6CE7700D2894F /* Debug */ = {
			isa = XCBuildConfiguration;
			baseConfigurationReference = 9EACBB391B286CA5CF1436BB /* Pods-InTuneUITests.debug.xcconfig */;
			buildSettings = {
				ALWAYS_EMBED_SWIFT_STANDARD_LIBRARIES = YES;
				CODE_SIGN_STYLE = Automatic;
				DEVELOPMENT_TEAM = MNZD883YQL;
				INFOPLIST_FILE = InTuneUITests/Info.plist;
				LD_RUNPATH_SEARCH_PATHS = (
					"$(inherited)",
					"@executable_path/Frameworks",
					"@loader_path/Frameworks",
				);
				PRODUCT_BUNDLE_IDENTIFIER = com.sonomos.InTuneUITests;
				PRODUCT_NAME = "$(TARGET_NAME)";
				SWIFT_VERSION = 4.2;
				TARGETED_DEVICE_FAMILY = "1,2";
				TEST_TARGET_NAME = InTune;
			};
			name = Debug;
		};
		AFD1FEF221A6CE7700D2894F /* Release */ = {
			isa = XCBuildConfiguration;
			baseConfigurationReference = 02D79BD4C9BEEC0AD974D0A6 /* Pods-InTuneUITests.release.xcconfig */;
			buildSettings = {
				ALWAYS_EMBED_SWIFT_STANDARD_LIBRARIES = YES;
				CODE_SIGN_STYLE = Automatic;
				DEVELOPMENT_TEAM = MNZD883YQL;
				INFOPLIST_FILE = InTuneUITests/Info.plist;
				LD_RUNPATH_SEARCH_PATHS = (
					"$(inherited)",
					"@executable_path/Frameworks",
					"@loader_path/Frameworks",
				);
				PRODUCT_BUNDLE_IDENTIFIER = com.sonomos.InTuneUITests;
				PRODUCT_NAME = "$(TARGET_NAME)";
				SWIFT_VERSION = 4.2;
				TARGETED_DEVICE_FAMILY = "1,2";
				TEST_TARGET_NAME = InTune;
			};
			name = Release;
		};
		AFD1FF8D21A8671300D2894F /* Debug */ = {
			isa = XCBuildConfiguration;
			baseConfigurationReference = A91C5F5DB97EE765EA898C9A /* Pods-Networking.debug.xcconfig */;
			buildSettings = {
				CLANG_ENABLE_MODULES = YES;
				CODE_SIGN_IDENTITY = "";
				CODE_SIGN_STYLE = Automatic;
				CURRENT_PROJECT_VERSION = 1;
				DEFINES_MODULE = YES;
				DEVELOPMENT_TEAM = MNZD883YQL;
				DYLIB_COMPATIBILITY_VERSION = 1;
				DYLIB_CURRENT_VERSION = 1;
				DYLIB_INSTALL_NAME_BASE = "@rpath";
				INFOPLIST_FILE = Networking/Info.plist;
				INSTALL_PATH = "$(LOCAL_LIBRARY_DIR)/Frameworks";
				IPHONEOS_DEPLOYMENT_TARGET = 12.0;
				LD_RUNPATH_SEARCH_PATHS = (
					"$(inherited)",
					"@executable_path/Frameworks",
					"@loader_path/Frameworks",
				);
				PRODUCT_BUNDLE_IDENTIFIER = com.sonomos.Networking;
				PRODUCT_NAME = "$(TARGET_NAME:c99extidentifier)";
				SKIP_INSTALL = YES;
				SWIFT_OPTIMIZATION_LEVEL = "-Onone";
				SWIFT_VERSION = 4.2;
				TARGETED_DEVICE_FAMILY = "1,2";
				VERSIONING_SYSTEM = "apple-generic";
				VERSION_INFO_PREFIX = "";
			};
			name = Debug;
		};
		AFD1FF8E21A8671300D2894F /* Release */ = {
			isa = XCBuildConfiguration;
			baseConfigurationReference = 0A39A0E84C7E0B8C84908C56 /* Pods-Networking.release.xcconfig */;
			buildSettings = {
				CLANG_ENABLE_MODULES = YES;
				CODE_SIGN_IDENTITY = "";
				CODE_SIGN_STYLE = Automatic;
				CURRENT_PROJECT_VERSION = 1;
				DEFINES_MODULE = YES;
				DEVELOPMENT_TEAM = MNZD883YQL;
				DYLIB_COMPATIBILITY_VERSION = 1;
				DYLIB_CURRENT_VERSION = 1;
				DYLIB_INSTALL_NAME_BASE = "@rpath";
				INFOPLIST_FILE = Networking/Info.plist;
				INSTALL_PATH = "$(LOCAL_LIBRARY_DIR)/Frameworks";
				IPHONEOS_DEPLOYMENT_TARGET = 12.0;
				LD_RUNPATH_SEARCH_PATHS = (
					"$(inherited)",
					"@executable_path/Frameworks",
					"@loader_path/Frameworks",
				);
				PRODUCT_BUNDLE_IDENTIFIER = com.sonomos.Networking;
				PRODUCT_NAME = "$(TARGET_NAME:c99extidentifier)";
				SKIP_INSTALL = YES;
				SWIFT_VERSION = 4.2;
				TARGETED_DEVICE_FAMILY = "1,2";
				VERSIONING_SYSTEM = "apple-generic";
				VERSION_INFO_PREFIX = "";
			};
			name = Release;
		};
		AFD1FF9021A8671300D2894F /* Debug */ = {
			isa = XCBuildConfiguration;
			baseConfigurationReference = 895D4BE0FD5C2656055DB11A /* Pods-NetworkingTests.debug.xcconfig */;
			buildSettings = {
				ALWAYS_EMBED_SWIFT_STANDARD_LIBRARIES = YES;
				CLANG_ENABLE_MODULES = YES;
				CODE_SIGN_STYLE = Automatic;
				DEVELOPMENT_TEAM = MNZD883YQL;
				INFOPLIST_FILE = NetworkingTests/Info.plist;
				LD_RUNPATH_SEARCH_PATHS = (
					"$(inherited)",
					"@executable_path/Frameworks",
					"@loader_path/Frameworks",
				);
				PRODUCT_BUNDLE_IDENTIFIER = com.sonomos.NetworkingTests;
				PRODUCT_NAME = "$(TARGET_NAME)";
				SWIFT_OPTIMIZATION_LEVEL = "-Onone";
				SWIFT_VERSION = 4.2;
				TARGETED_DEVICE_FAMILY = "1,2";
				TEST_HOST = "$(BUILT_PRODUCTS_DIR)/InTune.app/InTune";
			};
			name = Debug;
		};
		AFD1FF9121A8671300D2894F /* Release */ = {
			isa = XCBuildConfiguration;
			baseConfigurationReference = 87DBF212A45B9C77C9246E84 /* Pods-NetworkingTests.release.xcconfig */;
			buildSettings = {
				ALWAYS_EMBED_SWIFT_STANDARD_LIBRARIES = YES;
				CLANG_ENABLE_MODULES = YES;
				CODE_SIGN_STYLE = Automatic;
				DEVELOPMENT_TEAM = MNZD883YQL;
				INFOPLIST_FILE = NetworkingTests/Info.plist;
				LD_RUNPATH_SEARCH_PATHS = (
					"$(inherited)",
					"@executable_path/Frameworks",
					"@loader_path/Frameworks",
				);
				PRODUCT_BUNDLE_IDENTIFIER = com.sonomos.NetworkingTests;
				PRODUCT_NAME = "$(TARGET_NAME)";
				SWIFT_VERSION = 4.2;
				TARGETED_DEVICE_FAMILY = "1,2";
				TEST_HOST = "$(BUILT_PRODUCTS_DIR)/InTune.app/InTune";
			};
			name = Release;
		};
/* End XCBuildConfiguration section */

/* Begin XCConfigurationList section */
		AFD1FEBD21A6CE7400D2894F /* Build configuration list for PBXProject "InTune" */ = {
			isa = XCConfigurationList;
			buildConfigurations = (
				AFD1FEE821A6CE7700D2894F /* Debug */,
				AFD1FEE921A6CE7700D2894F /* Release */,
			);
			defaultConfigurationIsVisible = 0;
			defaultConfigurationName = Release;
		};
		AFD1FEEA21A6CE7700D2894F /* Build configuration list for PBXNativeTarget "InTune" */ = {
			isa = XCConfigurationList;
			buildConfigurations = (
				AFD1FEEB21A6CE7700D2894F /* Debug */,
				AFD1FEEC21A6CE7700D2894F /* Release */,
			);
			defaultConfigurationIsVisible = 0;
			defaultConfigurationName = Release;
		};
		AFD1FEED21A6CE7700D2894F /* Build configuration list for PBXNativeTarget "InTuneTests" */ = {
			isa = XCConfigurationList;
			buildConfigurations = (
				AFD1FEEE21A6CE7700D2894F /* Debug */,
				AFD1FEEF21A6CE7700D2894F /* Release */,
			);
			defaultConfigurationIsVisible = 0;
			defaultConfigurationName = Release;
		};
		AFD1FEF021A6CE7700D2894F /* Build configuration list for PBXNativeTarget "InTuneUITests" */ = {
			isa = XCConfigurationList;
			buildConfigurations = (
				AFD1FEF121A6CE7700D2894F /* Debug */,
				AFD1FEF221A6CE7700D2894F /* Release */,
			);
			defaultConfigurationIsVisible = 0;
			defaultConfigurationName = Release;
		};
		AFD1FF8C21A8671300D2894F /* Build configuration list for PBXNativeTarget "Networking" */ = {
			isa = XCConfigurationList;
			buildConfigurations = (
				AFD1FF8D21A8671300D2894F /* Debug */,
				AFD1FF8E21A8671300D2894F /* Release */,
			);
			defaultConfigurationIsVisible = 0;
			defaultConfigurationName = Release;
		};
		AFD1FF8F21A8671300D2894F /* Build configuration list for PBXNativeTarget "NetworkingTests" */ = {
			isa = XCConfigurationList;
			buildConfigurations = (
				AFD1FF9021A8671300D2894F /* Debug */,
				AFD1FF9121A8671300D2894F /* Release */,
			);
			defaultConfigurationIsVisible = 0;
			defaultConfigurationName = Release;
		};
/* End XCConfigurationList section */
	};
	rootObject = AFD1FEBA21A6CE7400D2894F /* Project object */;
}
